{
  "pins" : [
    {
      "identity" : "accountprotection-ios-sdk",
      "kind" : "remoteSourceControl",
      "location" : "https://github.com/TransmitSecurity/accountprotection-ios-sdk.git",
      "state" : {
        "revision" : "29c3e03a2db51a00b49175a7b8e56d8e445ccad3",
        "version" : "2.1.2"
      }
    },
    {
      "identity" : "authentication-ios-sdk",
      "kind" : "remoteSourceControl",
      "location" : "https://github.com/TransmitSecurity/authentication-ios-sdk.git",
      "state" : {
        "revision" : "ce3e9a8ed22361c5a2794456e77f89506ab796ba",
        "version" : "1.1.1"
      }
    },
    {
      "identity" : "core-ios-sdk",
      "kind" : "remoteSourceControl",
      "location" : "https://github.com/TransmitSecurity/core-ios-sdk.git",
      "state" : {
        "revision" : "6ee0facde7f1054f9912ae5fb431eb01d4bd7aaf",
        "version" : "1.0.21"
      }
    },
    {
      "identity" : "identityorchestration-ios-sdk",
      "kind" : "remoteSourceControl",
      "location" : "https://github.com/TransmitSecurity/identityOrchestration-ios-sdk.git",
      "state" : {
        "revision" : "055f21b84e0a3bca5e97073a44ecf67f35e9d8b8",
        "version" : "1.1.1"
      }
    }
  ],
  "version" : 2
}
