// !$*UTF8*$!
{
	archiveVersion = 1;
	classes = {
	};
	objectVersion = 56;
	objects = {

/* Begin PBXBuildFile section */
		332B345B2B99FD4C00D2C2D3 /* SilentTOTPViewController.swift in Sources */ = {isa = PBXBuildFile; fileRef = 332B345A2B99FD4C00D2C2D3 /* SilentTOTPViewController.swift */; };
		339F706E2B9CBFF60000E63C /* LoaderViewController.swift in Sources */ = {isa = PBXBuildFile; fileRef = 339F706D2B9CBFF60000E63C /* LoaderViewController.swift */; };
		339F70702B9CC1CB0000E63C /* TSLoadingIndicator.swift in Sources */ = {isa = PBXBuildFile; fileRef = 339F706F2B9CC1CB0000E63C /* TSLoadingIndicator.swift */; };
		33D1657F2B94990F00461596 /* AppDelegate.swift in Sources */ = {isa = PBXBuildFile; fileRef = 33D1657E2B94990F00461596 /* AppDelegate.swift */; };
		33D165812B94990F00461596 /* SceneDelegate.swift in Sources */ = {isa = PBXBuildFile; fileRef = 33D165802B94990F00461596 /* SceneDelegate.swift */; };
		33D165832B94990F00461596 /* QRTOTPViewController.swift in Sources */ = {isa = PBXBuildFile; fileRef = 33D165822B94990F00461596 /* QRTOTPViewController.swift */; };
		33D165862B94990F00461596 /* Main.storyboard in Resources */ = {isa = PBXBuildFile; fileRef = 33D165842B94990F00461596 /* Main.storyboard */; };
		33D165882B94991100461596 /* Assets.xcassets in Resources */ = {isa = PBXBuildFile; fileRef = 33D165872B94991100461596 /* Assets.xcassets */; };
		33D1658B2B94991100461596 /* LaunchScreen.storyboard in Resources */ = {isa = PBXBuildFile; fileRef = 33D165892B94991100461596 /* LaunchScreen.storyboard */; };
		33D165942B949BF000461596 /* TSAuthenticationSDK in Frameworks */ = {isa = PBXBuildFile; productRef = 33D165932B949BF000461596 /* TSAuthenticationSDK */; };
		33D165972B949D7A00461596 /* Constants.swift in Sources */ = {isa = PBXBuildFile; fileRef = 33D165962B949D7A00461596 /* Constants.swift */; };
		33D1659F2B94A06F00461596 /* TOTPCodeTableViewCell.swift in Sources */ = {isa = PBXBuildFile; fileRef = 33D1659D2B94A06F00461596 /* TOTPCodeTableViewCell.swift */; };
		33D165A02B94A06F00461596 /* TOTPCodeTableViewCell.xib in Resources */ = {isa = PBXBuildFile; fileRef = 33D1659E2B94A06F00461596 /* TOTPCodeTableViewCell.xib */; };
		33D165A22B94A32800461596 /* TOTPCodesTableView.swift in Sources */ = {isa = PBXBuildFile; fileRef = 33D165A12B94A32800461596 /* TOTPCodesTableView.swift */; };
		33D165A42B94A37E00461596 /* TOTPCodeCellModel.swift in Sources */ = {isa = PBXBuildFile; fileRef = 33D165A32B94A37E00461596 /* TOTPCodeCellModel.swift */; };
		33D165AA2B94B12200461596 /* AppNavigationManager.swift in Sources */ = {isa = PBXBuildFile; fileRef = 33D165A92B94B12200461596 /* AppNavigationManager.swift */; };
		33D165AC2B94B5EF00461596 /* QRCodeScannerViewController.swift in Sources */ = {isa = PBXBuildFile; fileRef = 33D165AB2B94B5EF00461596 /* QRCodeScannerViewController.swift */; };
		33D165AE2B94BFA500461596 /* RegisterTOTPViewController.swift in Sources */ = {isa = PBXBuildFile; fileRef = 33D165AD2B94BFA500461596 /* RegisterTOTPViewController.swift */; };
		33D165B02B94C86F00461596 /* DataManager.swift in Sources */ = {isa = PBXBuildFile; fileRef = 33D165AF2B94C86F00461596 /* DataManager.swift */; };
		33ED26272B98B7D900F21BD3 /* LoginViewController.swift in Sources */ = {isa = PBXBuildFile; fileRef = 33ED26262B98B7D900F21BD3 /* LoginViewController.swift */; };
		33ED262B2B98C0A400F21BD3 /* RegisterTOTPRequest.swift in Sources */ = {isa = PBXBuildFile; fileRef = 33ED262A2B98C0A400F21BD3 /* RegisterTOTPRequest.swift */; };
		33ED262D2B98C0F300F21BD3 /* CreateUserRequest.swift in Sources */ = {isa = PBXBuildFile; fileRef = 33ED262C2B98C0F300F21BD3 /* CreateUserRequest.swift */; };
		33ED262F2B98C1F000F21BD3 /* GetAccessTokenRequest.swift in Sources */ = {isa = PBXBuildFile; fileRef = 33ED262E2B98C1F000F21BD3 /* GetAccessTokenRequest.swift */; };
		33ED26312B98C21C00F21BD3 /* Dictionary.swift in Sources */ = {isa = PBXBuildFile; fileRef = 33ED26302B98C21C00F21BD3 /* Dictionary.swift */; };
		33ED26332B98C25600F21BD3 /* LoginWithPasswordRequest.swift in Sources */ = {isa = PBXBuildFile; fileRef = 33ED26322B98C25600F21BD3 /* LoginWithPasswordRequest.swift */; };
		33ED26352B98C2A400F21BD3 /* MockServerProvider.swift in Sources */ = {isa = PBXBuildFile; fileRef = 33ED26342B98C2A400F21BD3 /* MockServerProvider.swift */; };
		33ED26372B98C30000F21BD3 /* DemoAppModuleInfo.swift in Sources */ = {isa = PBXBuildFile; fileRef = 33ED26362B98C30000F21BD3 /* DemoAppModuleInfo.swift */; };
		33ED26392B98C32800F21BD3 /* Bundle.swift in Sources */ = {isa = PBXBuildFile; fileRef = 33ED26382B98C32800F21BD3 /* Bundle.swift */; };
		33ED263B2B98C73100F21BD3 /* BaseViewController.swift in Sources */ = {isa = PBXBuildFile; fileRef = 33ED263A2B98C73100F21BD3 /* BaseViewController.swift */; };
		33ED26402B99DE5400F21BD3 /* TSUser.swift in Sources */ = {isa = PBXBuildFile; fileRef = 33ED263F2B99DE5400F21BD3 /* TSUser.swift */; };
		33F849E32B988CA000D91894 /* HomePageViewController.swift in Sources */ = {isa = PBXBuildFile; fileRef = 33F849E22B988CA000D91894 /* HomePageViewController.swift */; };
		33F849E62B9890D300D91894 /* UIView.swift in Sources */ = {isa = PBXBuildFile; fileRef = 33F849E52B9890D300D91894 /* UIView.swift */; };
/* End PBXBuildFile section */

/* Begin PBXFileReference section */
		332B345A2B99FD4C00D2C2D3 /* SilentTOTPViewController.swift */ = {isa = PBXFileReference; lastKnownFileType = sourcecode.swift; path = SilentTOTPViewController.swift; sourceTree = "<group>"; };
		339F706D2B9CBFF60000E63C /* LoaderViewController.swift */ = {isa = PBXFileReference; lastKnownFileType = sourcecode.swift; path = LoaderViewController.swift; sourceTree = "<group>"; };
		339F706F2B9CC1CB0000E63C /* TSLoadingIndicator.swift */ = {isa = PBXFileReference; lastKnownFileType = sourcecode.swift; path = TSLoadingIndicator.swift; sourceTree = "<group>"; };
		33D1657B2B94990F00461596 /* TOTP-demo-app-samples-iOS.app */ = {isa = PBXFileReference; explicitFileType = wrapper.application; includeInIndex = 0; path = "TOTP-demo-app-samples-iOS.app"; sourceTree = BUILT_PRODUCTS_DIR; };
		33D1657E2B94990F00461596 /* AppDelegate.swift */ = {isa = PBXFileReference; lastKnownFileType = sourcecode.swift; path = AppDelegate.swift; sourceTree = "<group>"; };
		33D165802B94990F00461596 /* SceneDelegate.swift */ = {isa = PBXFileReference; lastKnownFileType = sourcecode.swift; path = SceneDelegate.swift; sourceTree = "<group>"; };
		33D165822B94990F00461596 /* QRTOTPViewController.swift */ = {isa = PBXFileReference; lastKnownFileType = sourcecode.swift; path = QRTOTPViewController.swift; sourceTree = "<group>"; };
		33D165852B94990F00461596 /* Base */ = {isa = PBXFileReference; lastKnownFileType = file.storyboard; name = Base; path = Base.lproj/Main.storyboard; sourceTree = "<group>"; };
		33D165872B94991100461596 /* Assets.xcassets */ = {isa = PBXFileReference; lastKnownFileType = folder.assetcatalog; path = Assets.xcassets; sourceTree = "<group>"; };
		33D1658A2B94991100461596 /* Base */ = {isa = PBXFileReference; lastKnownFileType = file.storyboard; name = Base; path = Base.lproj/LaunchScreen.storyboard; sourceTree = "<group>"; };
		33D1658C2B94991100461596 /* Info.plist */ = {isa = PBXFileReference; lastKnownFileType = text.plist.xml; path = Info.plist; sourceTree = "<group>"; };
		33D165962B949D7A00461596 /* Constants.swift */ = {isa = PBXFileReference; lastKnownFileType = sourcecode.swift; path = Constants.swift; sourceTree = "<group>"; };
		33D1659D2B94A06F00461596 /* TOTPCodeTableViewCell.swift */ = {isa = PBXFileReference; lastKnownFileType = sourcecode.swift; path = TOTPCodeTableViewCell.swift; sourceTree = "<group>"; };
		33D1659E2B94A06F00461596 /* TOTPCodeTableViewCell.xib */ = {isa = PBXFileReference; lastKnownFileType = file.xib; path = TOTPCodeTableViewCell.xib; sourceTree = "<group>"; };
		33D165A12B94A32800461596 /* TOTPCodesTableView.swift */ = {isa = PBXFileReference; lastKnownFileType = sourcecode.swift; path = TOTPCodesTableView.swift; sourceTree = "<group>"; };
		33D165A32B94A37E00461596 /* TOTPCodeCellModel.swift */ = {isa = PBXFileReference; lastKnownFileType = sourcecode.swift; path = TOTPCodeCellModel.swift; sourceTree = "<group>"; };
		33D165A92B94B12200461596 /* AppNavigationManager.swift */ = {isa = PBXFileReference; lastKnownFileType = sourcecode.swift; path = AppNavigationManager.swift; sourceTree = "<group>"; };
		33D165AB2B94B5EF00461596 /* QRCodeScannerViewController.swift */ = {isa = PBXFileReference; lastKnownFileType = sourcecode.swift; path = QRCodeScannerViewController.swift; sourceTree = "<group>"; };
		33D165AD2B94BFA500461596 /* RegisterTOTPViewController.swift */ = {isa = PBXFileReference; lastKnownFileType = sourcecode.swift; path = RegisterTOTPViewController.swift; sourceTree = "<group>"; };
		33D165AF2B94C86F00461596 /* DataManager.swift */ = {isa = PBXFileReference; lastKnownFileType = sourcecode.swift; path = DataManager.swift; sourceTree = "<group>"; };
		33ED26262B98B7D900F21BD3 /* LoginViewController.swift */ = {isa = PBXFileReference; lastKnownFileType = sourcecode.swift; path = LoginViewController.swift; sourceTree = "<group>"; };
		33ED262A2B98C0A400F21BD3 /* RegisterTOTPRequest.swift */ = {isa = PBXFileReference; lastKnownFileType = sourcecode.swift; path = RegisterTOTPRequest.swift; sourceTree = "<group>"; };
		33ED262C2B98C0F300F21BD3 /* CreateUserRequest.swift */ = {isa = PBXFileReference; lastKnownFileType = sourcecode.swift; path = CreateUserRequest.swift; sourceTree = "<group>"; };
		33ED262E2B98C1F000F21BD3 /* GetAccessTokenRequest.swift */ = {isa = PBXFileReference; lastKnownFileType = sourcecode.swift; path = GetAccessTokenRequest.swift; sourceTree = "<group>"; };
		33ED26302B98C21C00F21BD3 /* Dictionary.swift */ = {isa = PBXFileReference; lastKnownFileType = sourcecode.swift; path = Dictionary.swift; sourceTree = "<group>"; };
		33ED26322B98C25600F21BD3 /* LoginWithPasswordRequest.swift */ = {isa = PBXFileReference; lastKnownFileType = sourcecode.swift; path = LoginWithPasswordRequest.swift; sourceTree = "<group>"; };
		33ED26342B98C2A400F21BD3 /* MockServerProvider.swift */ = {isa = PBXFileReference; lastKnownFileType = sourcecode.swift; path = MockServerProvider.swift; sourceTree = "<group>"; };
		33ED26362B98C30000F21BD3 /* DemoAppModuleInfo.swift */ = {isa = PBXFileReference; lastKnownFileType = sourcecode.swift; path = DemoAppModuleInfo.swift; sourceTree = "<group>"; };
		33ED26382B98C32800F21BD3 /* Bundle.swift */ = {isa = PBXFileReference; lastKnownFileType = sourcecode.swift; path = Bundle.swift; sourceTree = "<group>"; };
		33ED263A2B98C73100F21BD3 /* BaseViewController.swift */ = {isa = PBXFileReference; lastKnownFileType = sourcecode.swift; path = BaseViewController.swift; sourceTree = "<group>"; };
		33ED263F2B99DE5400F21BD3 /* TSUser.swift */ = {isa = PBXFileReference; lastKnownFileType = sourcecode.swift; path = TSUser.swift; sourceTree = "<group>"; };
		33F849E22B988CA000D91894 /* HomePageViewController.swift */ = {isa = PBXFileReference; lastKnownFileType = sourcecode.swift; path = HomePageViewController.swift; sourceTree = "<group>"; };
		33F849E52B9890D300D91894 /* UIView.swift */ = {isa = PBXFileReference; lastKnownFileType = sourcecode.swift; path = UIView.swift; sourceTree = "<group>"; };
/* End PBXFileReference section */

/* Begin PBXFrameworksBuildPhase section */
		33D165782B94990F00461596 /* Frameworks */ = {
			isa = PBXFrameworksBuildPhase;
			buildActionMask = 2147483647;
			files = (
				33D165942B949BF000461596 /* TSAuthenticationSDK in Frameworks */,
			);
			runOnlyForDeploymentPostprocessing = 0;
		};
/* End PBXFrameworksBuildPhase section */

/* Begin PBXGroup section */
		33D165722B94990F00461596 = {
			isa = PBXGroup;
			children = (
				33D1657D2B94990F00461596 /* TOTP-demo-app-samples-iOS */,
				33D1657C2B94990F00461596 /* Products */,
			);
			sourceTree = "<group>";
		};
		33D1657C2B94990F00461596 /* Products */ = {
			isa = PBXGroup;
			children = (
				33D1657B2B94990F00461596 /* TOTP-demo-app-samples-iOS.app */,
			);
			name = Products;
			sourceTree = "<group>";
		};
		33D1657D2B94990F00461596 /* TOTP-demo-app-samples-iOS */ = {
			isa = PBXGroup;
			children = (
				33ED26282B98C06400F21BD3 /* Network */,
				33F849E42B9890C100D91894 /* Extensions */,
				33D165A82B94B11200461596 /* Navigation */,
				33D1659A2B949DD500461596 /* AppDelegates */,
				33D165992B949DC800461596 /* UI */,
				33D165982B949DB900461596 /* Controllers */,
				33D165952B949D6100461596 /* Utils */,
				33D165872B94991100461596 /* Assets.xcassets */,
				33D165892B94991100461596 /* LaunchScreen.storyboard */,
				33D1658C2B94991100461596 /* Info.plist */,
			);
			path = "TOTP-demo-app-samples-iOS";
			sourceTree = "<group>";
		};
		33D165952B949D6100461596 /* Utils */ = {
			isa = PBXGroup;
			children = (
				33D165962B949D7A00461596 /* Constants.swift */,
				33D165AF2B94C86F00461596 /* DataManager.swift */,
				33ED26362B98C30000F21BD3 /* DemoAppModuleInfo.swift */,
				33ED263F2B99DE5400F21BD3 /* TSUser.swift */,
				339F706F2B9CC1CB0000E63C /* TSLoadingIndicator.swift */,
			);
			path = Utils;
			sourceTree = "<group>";
		};
		33D165982B949DB900461596 /* Controllers */ = {
			isa = PBXGroup;
			children = (
				33D165822B94990F00461596 /* QRTOTPViewController.swift */,
				33D165AB2B94B5EF00461596 /* QRCodeScannerViewController.swift */,
				33D165AD2B94BFA500461596 /* RegisterTOTPViewController.swift */,
				33F849E22B988CA000D91894 /* HomePageViewController.swift */,
				33ED26262B98B7D900F21BD3 /* LoginViewController.swift */,
				33ED263A2B98C73100F21BD3 /* BaseViewController.swift */,
				332B345A2B99FD4C00D2C2D3 /* SilentTOTPViewController.swift */,
				339F706D2B9CBFF60000E63C /* LoaderViewController.swift */,
			);
			path = Controllers;
			sourceTree = "<group>";
		};
		33D165992B949DC800461596 /* UI */ = {
			isa = PBXGroup;
			children = (
				33D1659B2B949FCD00461596 /* TableViews */,
				33D165842B94990F00461596 /* Main.storyboard */,
			);
			path = UI;
			sourceTree = "<group>";
		};
		33D1659A2B949DD500461596 /* AppDelegates */ = {
			isa = PBXGroup;
			children = (
				33D165802B94990F00461596 /* SceneDelegate.swift */,
				33D1657E2B94990F00461596 /* AppDelegate.swift */,
			);
			path = AppDelegates;
			sourceTree = "<group>";
		};
		33D1659B2B949FCD00461596 /* TableViews */ = {
			isa = PBXGroup;
			children = (
				33D1659C2B94A00E00461596 /* TOTPCodes */,
			);
			path = TableViews;
			sourceTree = "<group>";
		};
		33D1659C2B94A00E00461596 /* TOTPCodes */ = {
			isa = PBXGroup;
			children = (
				33D1659D2B94A06F00461596 /* TOTPCodeTableViewCell.swift */,
				33D1659E2B94A06F00461596 /* TOTPCodeTableViewCell.xib */,
				33D165A12B94A32800461596 /* TOTPCodesTableView.swift */,
				33D165A32B94A37E00461596 /* TOTPCodeCellModel.swift */,
			);
			path = TOTPCodes;
			sourceTree = "<group>";
		};
		33D165A82B94B11200461596 /* Navigation */ = {
			isa = PBXGroup;
			children = (
				33D165A92B94B12200461596 /* AppNavigationManager.swift */,
			);
			path = Navigation;
			sourceTree = "<group>";
		};
		33ED26282B98C06400F21BD3 /* Network */ = {
			isa = PBXGroup;
			children = (
				33ED26292B98C06E00F21BD3 /* Requests */,
				33ED26342B98C2A400F21BD3 /* MockServerProvider.swift */,
			);
			path = Network;
			sourceTree = "<group>";
		};
		33ED26292B98C06E00F21BD3 /* Requests */ = {
			isa = PBXGroup;
			children = (
				33ED262A2B98C0A400F21BD3 /* RegisterTOTPRequest.swift */,
				33ED262C2B98C0F300F21BD3 /* CreateUserRequest.swift */,
				33ED262E2B98C1F000F21BD3 /* GetAccessTokenRequest.swift */,
				33ED26322B98C25600F21BD3 /* LoginWithPasswordRequest.swift */,
			);
			path = Requests;
			sourceTree = "<group>";
		};
		33F849E42B9890C100D91894 /* Extensions */ = {
			isa = PBXGroup;
			children = (
				33F849E52B9890D300D91894 /* UIView.swift */,
				33ED26302B98C21C00F21BD3 /* Dictionary.swift */,
				33ED26382B98C32800F21BD3 /* Bundle.swift */,
			);
			path = Extensions;
			sourceTree = "<group>";
		};
/* End PBXGroup section */

/* Begin PBXNativeTarget section */
		33D1657A2B94990F00461596 /* TOTP-demo-app-samples-iOS */ = {
			isa = PBXNativeTarget;
			buildConfigurationList = 33D1658F2B94991100461596 /* Build configuration list for PBXNativeTarget "TOTP-demo-app-samples-iOS" */;
			buildPhases = (
				33D165772B94990F00461596 /* Sources */,
				33D165782B94990F00461596 /* Frameworks */,
				33D165792B94990F00461596 /* Resources */,
			);
			buildRules = (
			);
			dependencies = (
			);
			name = "TOTP-demo-app-samples-iOS";
			packageProductDependencies = (
				33D165932B949BF000461596 /* TSAuthenticationSDK */,
			);
			productName = "TOTP-demo-app-samples-iOS";
			productReference = 33D1657B2B94990F00461596 /* TOTP-demo-app-samples-iOS.app */;
			productType = "com.apple.product-type.application";
		};
/* End PBXNativeTarget section */

/* Begin PBXProject section */
		33D165732B94990F00461596 /* Project object */ = {
			isa = PBXProject;
			attributes = {
				BuildIndependentTargetsInParallel = 1;
				LastSwiftUpdateCheck = 1520;
				LastUpgradeCheck = 1520;
				TargetAttributes = {
					33D1657A2B94990F00461596 = {
						CreatedOnToolsVersion = 15.2;
					};
				};
			};
			buildConfigurationList = 33D165762B94990F00461596 /* Build configuration list for PBXProject "TOTP-demo-app-samples-iOS" */;
			compatibilityVersion = "Xcode 14.0";
			developmentRegion = en;
			hasScannedForEncodings = 0;
			knownRegions = (
				en,
				Base,
			);
			mainGroup = 33D165722B94990F00461596;
			packageReferences = (
				33D165922B949BF000461596 /* XCRemoteSwiftPackageReference "authentication-ios-sdk" */,
			);
			productRefGroup = 33D1657C2B94990F00461596 /* Products */;
			projectDirPath = "";
			projectRoot = "";
			targets = (
				33D1657A2B94990F00461596 /* TOTP-demo-app-samples-iOS */,
			);
		};
/* End PBXProject section */

/* Begin PBXResourcesBuildPhase section */
		33D165792B94990F00461596 /* Resources */ = {
			isa = PBXResourcesBuildPhase;
			buildActionMask = 2147483647;
			files = (
				33D1658B2B94991100461596 /* LaunchScreen.storyboard in Resources */,
				33D165882B94991100461596 /* Assets.xcassets in Resources */,
				33D165862B94990F00461596 /* Main.storyboard in Resources */,
				33D165A02B94A06F00461596 /* TOTPCodeTableViewCell.xib in Resources */,
			);
			runOnlyForDeploymentPostprocessing = 0;
		};
/* End PBXResourcesBuildPhase section */

/* Begin PBXSourcesBuildPhase section */
		33D165772B94990F00461596 /* Sources */ = {
			isa = PBXSourcesBuildPhase;
			buildActionMask = 2147483647;
			files = (
				33ED262F2B98C1F000F21BD3 /* GetAccessTokenRequest.swift in Sources */,
				339F70702B9CC1CB0000E63C /* TSLoadingIndicator.swift in Sources */,
				33ED26272B98B7D900F21BD3 /* LoginViewController.swift in Sources */,
				33F849E62B9890D300D91894 /* UIView.swift in Sources */,
				33ED263B2B98C73100F21BD3 /* BaseViewController.swift in Sources */,
				33ED26352B98C2A400F21BD3 /* MockServerProvider.swift in Sources */,
				33D165B02B94C86F00461596 /* DataManager.swift in Sources */,
				33D1659F2B94A06F00461596 /* TOTPCodeTableViewCell.swift in Sources */,
				33ED26312B98C21C00F21BD3 /* Dictionary.swift in Sources */,
				33D165832B94990F00461596 /* QRTOTPViewController.swift in Sources */,
				33ED26372B98C30000F21BD3 /* DemoAppModuleInfo.swift in Sources */,
				332B345B2B99FD4C00D2C2D3 /* SilentTOTPViewController.swift in Sources */,
				33D165AA2B94B12200461596 /* AppNavigationManager.swift in Sources */,
				33D1657F2B94990F00461596 /* AppDelegate.swift in Sources */,
				33D165A22B94A32800461596 /* TOTPCodesTableView.swift in Sources */,
				33D165A42B94A37E00461596 /* TOTPCodeCellModel.swift in Sources */,
				33D165AC2B94B5EF00461596 /* QRCodeScannerViewController.swift in Sources */,
				33ED262B2B98C0A400F21BD3 /* RegisterTOTPRequest.swift in Sources */,
				33ED26332B98C25600F21BD3 /* LoginWithPasswordRequest.swift in Sources */,
				33F849E32B988CA000D91894 /* HomePageViewController.swift in Sources */,
				33D165812B94990F00461596 /* SceneDelegate.swift in Sources */,
				33ED26402B99DE5400F21BD3 /* TSUser.swift in Sources */,
				339F706E2B9CBFF60000E63C /* LoaderViewController.swift in Sources */,
				33D165AE2B94BFA500461596 /* RegisterTOTPViewController.swift in Sources */,
				33ED26392B98C32800F21BD3 /* Bundle.swift in Sources */,
				33ED262D2B98C0F300F21BD3 /* CreateUserRequest.swift in Sources */,
				33D165972B949D7A00461596 /* Constants.swift in Sources */,
			);
			runOnlyForDeploymentPostprocessing = 0;
		};
/* End PBXSourcesBuildPhase section */

/* Begin PBXVariantGroup section */
		33D165842B94990F00461596 /* Main.storyboard */ = {
			isa = PBXVariantGroup;
			children = (
				33D165852B94990F00461596 /* Base */,
			);
			name = Main.storyboard;
			sourceTree = "<group>";
		};
		33D165892B94991100461596 /* LaunchScreen.storyboard */ = {
			isa = PBXVariantGroup;
			children = (
				33D1658A2B94991100461596 /* Base */,
			);
			name = LaunchScreen.storyboard;
			sourceTree = "<group>";
		};
/* End PBXVariantGroup section */

/* Begin XCBuildConfiguration section */
		33D1658D2B94991100461596 /* Debug */ = {
			isa = XCBuildConfiguration;
			buildSettings = {
				ALWAYS_SEARCH_USER_PATHS = NO;
				ASSETCATALOG_COMPILER_GENERATE_SWIFT_ASSET_SYMBOL_EXTENSIONS = YES;
				CLANG_ANALYZER_NONNULL = YES;
				CLANG_ANALYZER_NUMBER_OBJECT_CONVERSION = YES_AGGRESSIVE;
				CLANG_CXX_LANGUAGE_STANDARD = "gnu++20";
				CLANG_ENABLE_MODULES = YES;
				CLANG_ENABLE_OBJC_ARC = YES;
				CLANG_ENABLE_OBJC_WEAK = YES;
				CLANG_WARN_BLOCK_CAPTURE_AUTORELEASING = YES;
				CLANG_WARN_BOOL_CONVERSION = YES;
				CLANG_WARN_COMMA = YES;
				CLANG_WARN_CONSTANT_CONVERSION = YES;
				CLANG_WARN_DEPRECATED_OBJC_IMPLEMENTATIONS = YES;
				CLANG_WARN_DIRECT_OBJC_ISA_USAGE = YES_ERROR;
				CLANG_WARN_DOCUMENTATION_COMMENTS = YES;
				CLANG_WARN_EMPTY_BODY = YES;
				CLANG_WARN_ENUM_CONVERSION = YES;
				CLANG_WARN_INFINITE_RECURSION = YES;
				CLANG_WARN_INT_CONVERSION = YES;
				CLANG_WARN_NON_LITERAL_NULL_CONVERSION = YES;
				CLANG_WARN_OBJC_IMPLICIT_RETAIN_SELF = YES;
				CLANG_WARN_OBJC_LITERAL_CONVERSION = YES;
				CLANG_WARN_OBJC_ROOT_CLASS = YES_ERROR;
				CLANG_WARN_QUOTED_INCLUDE_IN_FRAMEWORK_HEADER = YES;
				CLANG_WARN_RANGE_LOOP_ANALYSIS = YES;
				CLANG_WARN_STRICT_PROTOTYPES = YES;
				CLANG_WARN_SUSPICIOUS_MOVE = YES;
				CLANG_WARN_UNGUARDED_AVAILABILITY = YES_AGGRESSIVE;
				CLANG_WARN_UNREACHABLE_CODE = YES;
				CLANG_WARN__DUPLICATE_METHOD_MATCH = YES;
				COPY_PHASE_STRIP = NO;
				DEBUG_INFORMATION_FORMAT = dwarf;
				ENABLE_STRICT_OBJC_MSGSEND = YES;
				ENABLE_TESTABILITY = YES;
				ENABLE_USER_SCRIPT_SANDBOXING = YES;
				GCC_C_LANGUAGE_STANDARD = gnu17;
				GCC_DYNAMIC_NO_PIC = NO;
				GCC_NO_COMMON_BLOCKS = YES;
				GCC_OPTIMIZATION_LEVEL = 0;
				GCC_PREPROCESSOR_DEFINITIONS = (
					"DEBUG=1",
					"$(inherited)",
				);
				GCC_WARN_64_TO_32_BIT_CONVERSION = YES;
				GCC_WARN_ABOUT_RETURN_TYPE = YES_ERROR;
				GCC_WARN_UNDECLARED_SELECTOR = YES;
				GCC_WARN_UNINITIALIZED_AUTOS = YES_AGGRESSIVE;
				GCC_WARN_UNUSED_FUNCTION = YES;
				GCC_WARN_UNUSED_VARIABLE = YES;
				IPHONEOS_DEPLOYMENT_TARGET = 13.0;
				LOCALIZATION_PREFERS_STRING_CATALOGS = YES;
				MTL_ENABLE_DEBUG_INFO = INCLUDE_SOURCE;
				MTL_FAST_MATH = YES;
				ONLY_ACTIVE_ARCH = YES;
				SDKROOT = iphoneos;
				SWIFT_ACTIVE_COMPILATION_CONDITIONS = "DEBUG $(inherited)";
				SWIFT_OPTIMIZATION_LEVEL = "-Onone";
			};
			name = Debug;
		};
		33D1658E2B94991100461596 /* Release */ = {
			isa = XCBuildConfiguration;
			buildSettings = {
				ALWAYS_SEARCH_USER_PATHS = NO;
				ASSETCATALOG_COMPILER_GENERATE_SWIFT_ASSET_SYMBOL_EXTENSIONS = YES;
				CLANG_ANALYZER_NONNULL = YES;
				CLANG_ANALYZER_NUMBER_OBJECT_CONVERSION = YES_AGGRESSIVE;
				CLANG_CXX_LANGUAGE_STANDARD = "gnu++20";
				CLANG_ENABLE_MODULES = YES;
				CLANG_ENABLE_OBJC_ARC = YES;
				CLANG_ENABLE_OBJC_WEAK = YES;
				CLANG_WARN_BLOCK_CAPTURE_AUTORELEASING = YES;
				CLANG_WARN_BOOL_CONVERSION = YES;
				CLANG_WARN_COMMA = YES;
				CLANG_WARN_CONSTANT_CONVERSION = YES;
				CLANG_WARN_DEPRECATED_OBJC_IMPLEMENTATIONS = YES;
				CLANG_WARN_DIRECT_OBJC_ISA_USAGE = YES_ERROR;
				CLANG_WARN_DOCUMENTATION_COMMENTS = YES;
				CLANG_WARN_EMPTY_BODY = YES;
				CLANG_WARN_ENUM_CONVERSION = YES;
				CLANG_WARN_INFINITE_RECURSION = YES;
				CLANG_WARN_INT_CONVERSION = YES;
				CLANG_WARN_NON_LITERAL_NULL_CONVERSION = YES;
				CLANG_WARN_OBJC_IMPLICIT_RETAIN_SELF = YES;
				CLANG_WARN_OBJC_LITERAL_CONVERSION = YES;
				CLANG_WARN_OBJC_ROOT_CLASS = YES_ERROR;
				CLANG_WARN_QUOTED_INCLUDE_IN_FRAMEWORK_HEADER = YES;
				CLANG_WARN_RANGE_LOOP_ANALYSIS = YES;
				CLANG_WARN_STRICT_PROTOTYPES = YES;
				CLANG_WARN_SUSPICIOUS_MOVE = YES;
				CLANG_WARN_UNGUARDED_AVAILABILITY = YES_AGGRESSIVE;
				CLANG_WARN_UNREACHABLE_CODE = YES;
				CLANG_WARN__DUPLICATE_METHOD_MATCH = YES;
				COPY_PHASE_STRIP = NO;
				DEBUG_INFORMATION_FORMAT = "dwarf-with-dsym";
				ENABLE_NS_ASSERTIONS = NO;
				ENABLE_STRICT_OBJC_MSGSEND = YES;
				ENABLE_USER_SCRIPT_SANDBOXING = YES;
				GCC_C_LANGUAGE_STANDARD = gnu17;
				GCC_NO_COMMON_BLOCKS = YES;
				GCC_WARN_64_TO_32_BIT_CONVERSION = YES;
				GCC_WARN_ABOUT_RETURN_TYPE = YES_ERROR;
				GCC_WARN_UNDECLARED_SELECTOR = YES;
				GCC_WARN_UNINITIALIZED_AUTOS = YES_AGGRESSIVE;
				GCC_WARN_UNUSED_FUNCTION = YES;
				GCC_WARN_UNUSED_VARIABLE = YES;
				IPHONEOS_DEPLOYMENT_TARGET = 13.0;
				LOCALIZATION_PREFERS_STRING_CATALOGS = YES;
				MTL_ENABLE_DEBUG_INFO = NO;
				MTL_FAST_MATH = YES;
				SDKROOT = iphoneos;
				SWIFT_COMPILATION_MODE = wholemodule;
				VALIDATE_PRODUCT = YES;
			};
			name = Release;
		};
		33D165902B94991100461596 /* Debug */ = {
			isa = XCBuildConfiguration;
			buildSettings = {
				ASSETCATALOG_COMPILER_APPICON_NAME = AppIcon;
				ASSETCATALOG_COMPILER_GLOBAL_ACCENT_COLOR_NAME = AccentColor;
				CODE_SIGN_STYLE = Automatic;
				CURRENT_PROJECT_VERSION = 1;
				DEVELOPMENT_TEAM = C88675TMZW;
				GENERATE_INFOPLIST_FILE = YES;
				INFOPLIST_FILE = "TOTP-demo-app-samples-iOS/Info.plist";
				INFOPLIST_KEY_UIApplicationSupportsIndirectInputEvents = YES;
				INFOPLIST_KEY_UILaunchStoryboardName = LaunchScreen;
				INFOPLIST_KEY_UIMainStoryboardFile = Main;
				INFOPLIST_KEY_UISupportedInterfaceOrientations_iPad = "UIInterfaceOrientationPortrait UIInterfaceOrientationPortraitUpsideDown UIInterfaceOrientationLandscapeLeft UIInterfaceOrientationLandscapeRight";
				INFOPLIST_KEY_UISupportedInterfaceOrientations_iPhone = "UIInterfaceOrientationPortrait UIInterfaceOrientationLandscapeLeft UIInterfaceOrientationLandscapeRight";
				LD_RUNPATH_SEARCH_PATHS = (
					"$(inherited)",
					"@executable_path/Frameworks",
				);
				MARKETING_VERSION = 1.0;
				PRODUCT_BUNDLE_IDENTIFIER = "com.TransmitSecurity.TOTP-demo-app-samples-iOS";
				PRODUCT_NAME = "$(TARGET_NAME)";
				SWIFT_EMIT_LOC_STRINGS = YES;
				SWIFT_VERSION = 5.0;
				TARGETED_DEVICE_FAMILY = "1,2";
			};
			name = Debug;
		};
		33D165912B94991100461596 /* Release */ = {
			isa = XCBuildConfiguration;
			buildSettings = {
				ASSETCATALOG_COMPILER_APPICON_NAME = AppIcon;
				ASSETCATALOG_COMPILER_GLOBAL_ACCENT_COLOR_NAME = AccentColor;
				CODE_SIGN_STYLE = Automatic;
				CURRENT_PROJECT_VERSION = 1;
				DEVELOPMENT_TEAM = C88675TMZW;
				GENERATE_INFOPLIST_FILE = YES;
				INFOPLIST_FILE = "TOTP-demo-app-samples-iOS/Info.plist";
				INFOPLIST_KEY_UIApplicationSupportsIndirectInputEvents = YES;
				INFOPLIST_KEY_UILaunchStoryboardName = LaunchScreen;
				INFOPLIST_KEY_UIMainStoryboardFile = Main;
				INFOPLIST_KEY_UISupportedInterfaceOrientations_iPad = "UIInterfaceOrientationPortrait UIInterfaceOrientationPortraitUpsideDown UIInterfaceOrientationLandscapeLeft UIInterfaceOrientationLandscapeRight";
				INFOPLIST_KEY_UISupportedInterfaceOrientations_iPhone = "UIInterfaceOrientationPortrait UIInterfaceOrientationLandscapeLeft UIInterfaceOrientationLandscapeRight";
				LD_RUNPATH_SEARCH_PATHS = (
					"$(inherited)",
					"@executable_path/Frameworks",
				);
				MARKETING_VERSION = 1.0;
				PRODUCT_BUNDLE_IDENTIFIER = "com.TransmitSecurity.TOTP-demo-app-samples-iOS";
				PRODUCT_NAME = "$(TARGET_NAME)";
				SWIFT_EMIT_LOC_STRINGS = YES;
				SWIFT_VERSION = 5.0;
				TARGETED_DEVICE_FAMILY = "1,2";
			};
			name = Release;
		};
/* End XCBuildConfiguration section */

/* Begin XCConfigurationList section */
		33D165762B94990F00461596 /* Build configuration list for PBXProject "TOTP-demo-app-samples-iOS" */ = {
			isa = XCConfigurationList;
			buildConfigurations = (
				33D1658D2B94991100461596 /* Debug */,
				33D1658E2B94991100461596 /* Release */,
			);
			defaultConfigurationIsVisible = 0;
			defaultConfigurationName = Release;
		};
		33D1658F2B94991100461596 /* Build configuration list for PBXNativeTarget "TOTP-demo-app-samples-iOS" */ = {
			isa = XCConfigurationList;
			buildConfigurations = (
				33D165902B94991100461596 /* Debug */,
				33D165912B94991100461596 /* Release */,
			);
			defaultConfigurationIsVisible = 0;
			defaultConfigurationName = Release;
		};
/* End XCConfigurationList section */

/* Begin XCRemoteSwiftPackageReference section */
		33D165922B949BF000461596 /* XCRemoteSwiftPackageReference "authentication-ios-sdk" */ = {
			isa = XCRemoteSwiftPackageReference;
			repositoryURL = "https://github.com/TransmitSecurity/authentication-ios-sdk";
			requirement = {
				kind = upToNextMajorVersion;
				minimumVersion = 1.0.4;
			};
		};
/* End XCRemoteSwiftPackageReference section */

/* Begin XCSwiftPackageProductDependency section */
		33D165932B949BF000461596 /* TSAuthenticationSDK */ = {
			isa = XCSwiftPackageProductDependency;
			package = 33D165922B949BF000461596 /* XCRemoteSwiftPackageReference "authentication-ios-sdk" */;
			productName = TSAuthenticationSDK;
		};
/* End XCSwiftPackageProductDependency section */
	};
	rootObject = 33D165732B94990F00461596 /* Project object */;
}
