// !$*UTF8*$!
{
	archiveVersion = 1;
	classes = {
	};
	objectVersion = 56;
	objects = {

/* Begin PBXBuildFile section */
		333BBB792AB99C4F00E28A4F /* Dictionary.swift in Sources */ = {isa = PBXBuildFile; fileRef = 333BBB782AB99C4F00E28A4F /* Dictionary.swift */; };
		333BBB7B2AB9A4E100E28A4F /* JourneyCompleteViewController.swift in Sources */ = {isa = PBXBuildFile; fileRef = 333BBB7A2AB9A4E100E28A4F /* JourneyCompleteViewController.swift */; };
		333BBB7D2AB9F0A500E28A4F /* UIView.swift in Sources */ = {isa = PBXBuildFile; fileRef = 333BBB7C2AB9F0A500E28A4F /* UIView.swift */; };
		333BBB7F2AB9F16900E28A4F /* KbaViewController.swift in Sources */ = {isa = PBXBuildFile; fileRef = 333BBB7E2AB9F16900E28A4F /* KbaViewController.swift */; };
		333BBB812ABB032500E28A4F /* CryptoBindingViewController.swift in Sources */ = {isa = PBXBuildFile; fileRef = 333BBB802ABB032500E28A4F /* CryptoBindingViewController.swift */; };
		333BBB832ABB1ADA00E28A4F /* LoaderViewController.swift in Sources */ = {isa = PBXBuildFile; fileRef = 333BBB822ABB1ADA00E28A4F /* LoaderViewController.swift */; };
		333BBB852ABB1BCB00E28A4F /* BaseViewController.swift in Sources */ = {isa = PBXBuildFile; fileRef = 333BBB842ABB1BCB00E28A4F /* BaseViewController.swift */; };
		333BBB872ABB1BF900E28A4F /* UIViewController.swift in Sources */ = {isa = PBXBuildFile; fileRef = 333BBB862ABB1BF900E28A4F /* UIViewController.swift */; };
		33B964D32AB862070024951B /* AppDelegate.swift in Sources */ = {isa = PBXBuildFile; fileRef = 33B964D22AB862070024951B /* AppDelegate.swift */; };
		33B964D52AB862070024951B /* SceneDelegate.swift in Sources */ = {isa = PBXBuildFile; fileRef = 33B964D42AB862070024951B /* SceneDelegate.swift */; };
		33B964D72AB862070024951B /* MainViewController.swift in Sources */ = {isa = PBXBuildFile; fileRef = 33B964D62AB862070024951B /* MainViewController.swift */; };
		33B964DA2AB862070024951B /* Main.storyboard in Resources */ = {isa = PBXBuildFile; fileRef = 33B964D82AB862070024951B /* Main.storyboard */; };
		33B964DC2AB862080024951B /* Assets.xcassets in Resources */ = {isa = PBXBuildFile; fileRef = 33B964DB2AB862080024951B /* Assets.xcassets */; };
		33B964DF2AB862080024951B /* LaunchScreen.storyboard in Resources */ = {isa = PBXBuildFile; fileRef = 33B964DD2AB862080024951B /* LaunchScreen.storyboard */; };
		33E8A6BB2AB868680087BD4B /* ScreensManager.swift in Sources */ = {isa = PBXBuildFile; fileRef = 33E8A6BA2AB868680087BD4B /* ScreensManager.swift */; };
		33E8A6BF2AB869210087BD4B /* NavigationManager.swift in Sources */ = {isa = PBXBuildFile; fileRef = 33E8A6BE2AB869210087BD4B /* NavigationManager.swift */; };
		33E8A6CB2AB86BF90087BD4B /* Constants.swift in Sources */ = {isa = PBXBuildFile; fileRef = 33E8A6CA2AB86BF90087BD4B /* Constants.swift */; };
		33E8A6CE2AB86D1A0087BD4B /* JourneyConfiguration.swift in Sources */ = {isa = PBXBuildFile; fileRef = 33E8A6CD2AB86D1A0087BD4B /* JourneyConfiguration.swift */; };
		33E8A6D02AB87E2B0087BD4B /* InformationViewController.swift in Sources */ = {isa = PBXBuildFile; fileRef = 33E8A6CF2AB87E2B0087BD4B /* InformationViewController.swift */; };
		33E8A6D22AB89BF50087BD4B /* PhoneFormViewController.swift in Sources */ = {isa = PBXBuildFile; fileRef = 33E8A6D12AB89BF50087BD4B /* PhoneFormViewController.swift */; };
		33E8A6D42AB8A66F0087BD4B /* OtpFormViewController.swift in Sources */ = {isa = PBXBuildFile; fileRef = 33E8A6D32AB8A66F0087BD4B /* OtpFormViewController.swift */; };
		33FD94BC2ABB2BE7001D5A8F /* WaitForTicketViewController.swift in Sources */ = {isa = PBXBuildFile; fileRef = 33FD94BB2ABB2BE7001D5A8F /* WaitForTicketViewController.swift */; };
		33FD94BE2AC2D2A6001D5A8F /* QRScanningViewController.swift in Sources */ = {isa = PBXBuildFile; fileRef = 33FD94BD2AC2D2A6001D5A8F /* QRScanningViewController.swift */; };
		33FD94C42AC41CF5001D5A8F /* IdentityOrchestration in Frameworks */ = {isa = PBXBuildFile; productRef = 33FD94C32AC41CF5001D5A8F /* IdentityOrchestration */; };
/* End PBXBuildFile section */

/* Begin PBXFileReference section */
		333BBB782AB99C4F00E28A4F /* Dictionary.swift */ = {isa = PBXFileReference; lastKnownFileType = sourcecode.swift; path = Dictionary.swift; sourceTree = "<group>"; };
		333BBB7A2AB9A4E100E28A4F /* JourneyCompleteViewController.swift */ = {isa = PBXFileReference; lastKnownFileType = sourcecode.swift; path = JourneyCompleteViewController.swift; sourceTree = "<group>"; };
		333BBB7C2AB9F0A500E28A4F /* UIView.swift */ = {isa = PBXFileReference; lastKnownFileType = sourcecode.swift; path = UIView.swift; sourceTree = "<group>"; };
		333BBB7E2AB9F16900E28A4F /* KbaViewController.swift */ = {isa = PBXFileReference; lastKnownFileType = sourcecode.swift; path = KbaViewController.swift; sourceTree = "<group>"; };
		333BBB802ABB032500E28A4F /* CryptoBindingViewController.swift */ = {isa = PBXFileReference; lastKnownFileType = sourcecode.swift; path = CryptoBindingViewController.swift; sourceTree = "<group>"; };
		333BBB822ABB1ADA00E28A4F /* LoaderViewController.swift */ = {isa = PBXFileReference; lastKnownFileType = sourcecode.swift; path = LoaderViewController.swift; sourceTree = "<group>"; };
		333BBB842ABB1BCB00E28A4F /* BaseViewController.swift */ = {isa = PBXFileReference; lastKnownFileType = sourcecode.swift; path = BaseViewController.swift; sourceTree = "<group>"; };
		333BBB862ABB1BF900E28A4F /* UIViewController.swift */ = {isa = PBXFileReference; lastKnownFileType = sourcecode.swift; path = UIViewController.swift; sourceTree = "<group>"; };
		33B964CF2AB862070024951B /* IdentityOrchestrationUIKitExample.app */ = {isa = PBXFileReference; explicitFileType = wrapper.application; includeInIndex = 0; path = IdentityOrchestrationUIKitExample.app; sourceTree = BUILT_PRODUCTS_DIR; };
		33B964D22AB862070024951B /* AppDelegate.swift */ = {isa = PBXFileReference; lastKnownFileType = sourcecode.swift; path = AppDelegate.swift; sourceTree = "<group>"; };
		33B964D42AB862070024951B /* SceneDelegate.swift */ = {isa = PBXFileReference; lastKnownFileType = sourcecode.swift; path = SceneDelegate.swift; sourceTree = "<group>"; };
		33B964D62AB862070024951B /* MainViewController.swift */ = {isa = PBXFileReference; lastKnownFileType = sourcecode.swift; path = MainViewController.swift; sourceTree = "<group>"; };
		33B964D92AB862070024951B /* Base */ = {isa = PBXFileReference; lastKnownFileType = file.storyboard; name = Base; path = Base.lproj/Main.storyboard; sourceTree = "<group>"; };
		33B964DB2AB862080024951B /* Assets.xcassets */ = {isa = PBXFileReference; lastKnownFileType = folder.assetcatalog; path = Assets.xcassets; sourceTree = "<group>"; };
		33B964DE2AB862080024951B /* Base */ = {isa = PBXFileReference; lastKnownFileType = file.storyboard; name = Base; path = Base.lproj/LaunchScreen.storyboard; sourceTree = "<group>"; };
		33B964E02AB862080024951B /* Info.plist */ = {isa = PBXFileReference; lastKnownFileType = text.plist.xml; path = Info.plist; sourceTree = "<group>"; };
		33E8A6BA2AB868680087BD4B /* ScreensManager.swift */ = {isa = PBXFileReference; lastKnownFileType = sourcecode.swift; path = ScreensManager.swift; sourceTree = "<group>"; };
		33E8A6BE2AB869210087BD4B /* NavigationManager.swift */ = {isa = PBXFileReference; lastKnownFileType = sourcecode.swift; path = NavigationManager.swift; sourceTree = "<group>"; };
		33E8A6C12AB869C50087BD4B /* IdentityOrchestration.framework */ = {isa = PBXFileReference; explicitFileType = wrapper.framework; path = IdentityOrchestration.framework; sourceTree = BUILT_PRODUCTS_DIR; };
		33E8A6C52AB869CA0087BD4B /* TSCoreSDK.framework */ = {isa = PBXFileReference; explicitFileType = wrapper.framework; path = TSCoreSDK.framework; sourceTree = BUILT_PRODUCTS_DIR; };
		33E8A6CA2AB86BF90087BD4B /* Constants.swift */ = {isa = PBXFileReference; lastKnownFileType = sourcecode.swift; path = Constants.swift; sourceTree = "<group>"; };
		33E8A6CD2AB86D1A0087BD4B /* JourneyConfiguration.swift */ = {isa = PBXFileReference; lastKnownFileType = sourcecode.swift; path = JourneyConfiguration.swift; sourceTree = "<group>"; };
		33E8A6CF2AB87E2B0087BD4B /* InformationViewController.swift */ = {isa = PBXFileReference; lastKnownFileType = sourcecode.swift; path = InformationViewController.swift; sourceTree = "<group>"; };
		33E8A6D12AB89BF50087BD4B /* PhoneFormViewController.swift */ = {isa = PBXFileReference; lastKnownFileType = sourcecode.swift; path = PhoneFormViewController.swift; sourceTree = "<group>"; };
		33E8A6D32AB8A66F0087BD4B /* OtpFormViewController.swift */ = {isa = PBXFileReference; lastKnownFileType = sourcecode.swift; path = OtpFormViewController.swift; sourceTree = "<group>"; };
		33FD94BB2ABB2BE7001D5A8F /* WaitForTicketViewController.swift */ = {isa = PBXFileReference; lastKnownFileType = sourcecode.swift; path = WaitForTicketViewController.swift; sourceTree = "<group>"; };
		33FD94BD2AC2D2A6001D5A8F /* QRScanningViewController.swift */ = {isa = PBXFileReference; lastKnownFileType = sourcecode.swift; path = QRScanningViewController.swift; sourceTree = "<group>"; };
/* End PBXFileReference section */

/* Begin PBXFrameworksBuildPhase section */
		33B964CC2AB862070024951B /* Frameworks */ = {
			isa = PBXFrameworksBuildPhase;
			buildActionMask = 2147483647;
			files = (
				33FD94C42AC41CF5001D5A8F /* IdentityOrchestration in Frameworks */,
			);
			runOnlyForDeploymentPostprocessing = 0;
		};
/* End PBXFrameworksBuildPhase section */

/* Begin PBXGroup section */
		333BBB772AB99C3300E28A4F /* Extensions */ = {
			isa = PBXGroup;
			children = (
				333BBB782AB99C4F00E28A4F /* Dictionary.swift */,
				333BBB7C2AB9F0A500E28A4F /* UIView.swift */,
				333BBB862ABB1BF900E28A4F /* UIViewController.swift */,
			);
			path = Extensions;
			sourceTree = "<group>";
		};
		33B964C62AB862070024951B = {
			isa = PBXGroup;
			children = (
				33B964D12AB862070024951B /* IdentityOrchestrationUIKitExample */,
				33B964D02AB862070024951B /* Products */,
				33E8A6C02AB869C50087BD4B /* Frameworks */,
			);
			sourceTree = "<group>";
		};
		33B964D02AB862070024951B /* Products */ = {
			isa = PBXGroup;
			children = (
				33B964CF2AB862070024951B /* IdentityOrchestrationUIKitExample.app */,
			);
			name = Products;
			sourceTree = "<group>";
		};
		33B964D12AB862070024951B /* IdentityOrchestrationUIKitExample */ = {
			isa = PBXGroup;
			children = (
				333BBB772AB99C3300E28A4F /* Extensions */,
				33E8A6CC2AB86CF70087BD4B /* Journeys */,
				33E8A6C92AB86BE60087BD4B /* Utils */,
				33E8A6C82AB86A6C0087BD4B /* Controllers */,
				33E8A6BC2AB868CC0087BD4B /* Navigation */,
				33E8A6B92AB868560087BD4B /* ScreensManager */,
				33B964D22AB862070024951B /* AppDelegate.swift */,
				33B964D42AB862070024951B /* SceneDelegate.swift */,
				33B964D82AB862070024951B /* Main.storyboard */,
				33B964DB2AB862080024951B /* Assets.xcassets */,
				33B964DD2AB862080024951B /* LaunchScreen.storyboard */,
				33B964E02AB862080024951B /* Info.plist */,
			);
			path = IdentityOrchestrationUIKitExample;
			sourceTree = "<group>";
		};
		33E8A6B92AB868560087BD4B /* ScreensManager */ = {
			isa = PBXGroup;
			children = (
				33E8A6BA2AB868680087BD4B /* ScreensManager.swift */,
			);
			path = ScreensManager;
			sourceTree = "<group>";
		};
		33E8A6BC2AB868CC0087BD4B /* Navigation */ = {
			isa = PBXGroup;
			children = (
				33E8A6BE2AB869210087BD4B /* NavigationManager.swift */,
			);
			path = Navigation;
			sourceTree = "<group>";
		};
		33E8A6C02AB869C50087BD4B /* Frameworks */ = {
			isa = PBXGroup;
			children = (
				33E8A6C52AB869CA0087BD4B /* TSCoreSDK.framework */,
				33E8A6C12AB869C50087BD4B /* IdentityOrchestration.framework */,
			);
			name = Frameworks;
			sourceTree = "<group>";
		};
		33E8A6C82AB86A6C0087BD4B /* Controllers */ = {
			isa = PBXGroup;
			children = (
				33B964D62AB862070024951B /* MainViewController.swift */,
				33E8A6CF2AB87E2B0087BD4B /* InformationViewController.swift */,
				33E8A6D12AB89BF50087BD4B /* PhoneFormViewController.swift */,
				33E8A6D32AB8A66F0087BD4B /* OtpFormViewController.swift */,
				333BBB7A2AB9A4E100E28A4F /* JourneyCompleteViewController.swift */,
				333BBB7E2AB9F16900E28A4F /* KbaViewController.swift */,
				333BBB802ABB032500E28A4F /* CryptoBindingViewController.swift */,
				333BBB822ABB1ADA00E28A4F /* LoaderViewController.swift */,
				333BBB842ABB1BCB00E28A4F /* BaseViewController.swift */,
				33FD94BB2ABB2BE7001D5A8F /* WaitForTicketViewController.swift */,
				33FD94BD2AC2D2A6001D5A8F /* QRScanningViewController.swift */,
			);
			path = Controllers;
			sourceTree = "<group>";
		};
		33E8A6C92AB86BE60087BD4B /* Utils */ = {
			isa = PBXGroup;
			children = (
				33E8A6CA2AB86BF90087BD4B /* Constants.swift */,
			);
			path = Utils;
			sourceTree = "<group>";
		};
		33E8A6CC2AB86CF70087BD4B /* Journeys */ = {
			isa = PBXGroup;
			children = (
				33E8A6CD2AB86D1A0087BD4B /* JourneyConfiguration.swift */,
			);
			path = Journeys;
			sourceTree = "<group>";
		};
/* End PBXGroup section */

/* Begin PBXNativeTarget section */
		33B964CE2AB862070024951B /* IdentityOrchestrationUIKitExample */ = {
			isa = PBXNativeTarget;
			buildConfigurationList = 33B964E32AB862080024951B /* Build configuration list for PBXNativeTarget "IdentityOrchestrationUIKitExample" */;
			buildPhases = (
				33B964CB2AB862070024951B /* Sources */,
				33B964CC2AB862070024951B /* Frameworks */,
				33B964CD2AB862070024951B /* Resources */,
			);
			buildRules = (
			);
			dependencies = (
			);
			name = IdentityOrchestrationUIKitExample;
			packageProductDependencies = (
				33FD94C32AC41CF5001D5A8F /* IdentityOrchestration */,
			);
			productName = IdentityOrchestrationUIKitExample;
			productReference = 33B964CF2AB862070024951B /* IdentityOrchestrationUIKitExample.app */;
			productType = "com.apple.product-type.application";
		};
/* End PBXNativeTarget section */

/* Begin PBXProject section */
		33B964C72AB862070024951B /* Project object */ = {
			isa = PBXProject;
			attributes = {
				BuildIndependentTargetsInParallel = 1;
				LastSwiftUpdateCheck = 1430;
				LastUpgradeCheck = 1430;
				TargetAttributes = {
					33B964CE2AB862070024951B = {
						CreatedOnToolsVersion = 14.3;
					};
				};
			};
			buildConfigurationList = 33B964CA2AB862070024951B /* Build configuration list for PBXProject "IdentityOrchestrationUIKitExample" */;
			compatibilityVersion = "Xcode 14.0";
			developmentRegion = en;
			hasScannedForEncodings = 0;
			knownRegions = (
				en,
				Base,
			);
			mainGroup = 33B964C62AB862070024951B;
			packageReferences = (
				33FD94C22AC41CF4001D5A8F /* XCRemoteSwiftPackageReference "identityOrchestration-ios-sdk" */,
			);
			productRefGroup = 33B964D02AB862070024951B /* Products */;
			projectDirPath = "";
			projectRoot = "";
			targets = (
				33B964CE2AB862070024951B /* IdentityOrchestrationUIKitExample */,
			);
		};
/* End PBXProject section */

/* Begin PBXResourcesBuildPhase section */
		33B964CD2AB862070024951B /* Resources */ = {
			isa = PBXResourcesBuildPhase;
			buildActionMask = 2147483647;
			files = (
				33B964DF2AB862080024951B /* LaunchScreen.storyboard in Resources */,
				33B964DC2AB862080024951B /* Assets.xcassets in Resources */,
				33B964DA2AB862070024951B /* Main.storyboard in Resources */,
			);
			runOnlyForDeploymentPostprocessing = 0;
		};
/* End PBXResourcesBuildPhase section */

/* Begin PBXSourcesBuildPhase section */
		33B964CB2AB862070024951B /* Sources */ = {
			isa = PBXSourcesBuildPhase;
			buildActionMask = 2147483647;
			files = (
				333BBB7D2AB9F0A500E28A4F /* UIView.swift in Sources */,
				333BBB7F2AB9F16900E28A4F /* KbaViewController.swift in Sources */,
				333BBB872ABB1BF900E28A4F /* UIViewController.swift in Sources */,
				33E8A6D42AB8A66F0087BD4B /* OtpFormViewController.swift in Sources */,
				333BBB7B2AB9A4E100E28A4F /* JourneyCompleteViewController.swift in Sources */,
				33B964D72AB862070024951B /* MainViewController.swift in Sources */,
				33E8A6CE2AB86D1A0087BD4B /* JourneyConfiguration.swift in Sources */,
				333BBB812ABB032500E28A4F /* CryptoBindingViewController.swift in Sources */,
				333BBB852ABB1BCB00E28A4F /* BaseViewController.swift in Sources */,
				33E8A6D22AB89BF50087BD4B /* PhoneFormViewController.swift in Sources */,
				333BBB792AB99C4F00E28A4F /* Dictionary.swift in Sources */,
				33E8A6BB2AB868680087BD4B /* ScreensManager.swift in Sources */,
				33B964D32AB862070024951B /* AppDelegate.swift in Sources */,
				333BBB832ABB1ADA00E28A4F /* LoaderViewController.swift in Sources */,
				33B964D52AB862070024951B /* SceneDelegate.swift in Sources */,
				33E8A6BF2AB869210087BD4B /* NavigationManager.swift in Sources */,
				33FD94BE2AC2D2A6001D5A8F /* QRScanningViewController.swift in Sources */,
				33E8A6CB2AB86BF90087BD4B /* Constants.swift in Sources */,
				33E8A6D02AB87E2B0087BD4B /* InformationViewController.swift in Sources */,
				33FD94BC2ABB2BE7001D5A8F /* WaitForTicketViewController.swift in Sources */,
			);
			runOnlyForDeploymentPostprocessing = 0;
		};
/* End PBXSourcesBuildPhase section */

/* Begin PBXVariantGroup section */
		33B964D82AB862070024951B /* Main.storyboard */ = {
			isa = PBXVariantGroup;
			children = (
				33B964D92AB862070024951B /* Base */,
			);
			name = Main.storyboard;
			sourceTree = "<group>";
		};
		33B964DD2AB862080024951B /* LaunchScreen.storyboard */ = {
			isa = PBXVariantGroup;
			children = (
				33B964DE2AB862080024951B /* Base */,
			);
			name = LaunchScreen.storyboard;
			sourceTree = "<group>";
		};
/* End PBXVariantGroup section */

/* Begin XCBuildConfiguration section */
		33B964E12AB862080024951B /* Debug */ = {
			isa = XCBuildConfiguration;
			buildSettings = {
				ALWAYS_SEARCH_USER_PATHS = NO;
				CLANG_ANALYZER_NONNULL = YES;
				CLANG_ANALYZER_NUMBER_OBJECT_CONVERSION = YES_AGGRESSIVE;
				CLANG_CXX_LANGUAGE_STANDARD = "gnu++20";
				CLANG_ENABLE_MODULES = YES;
				CLANG_ENABLE_OBJC_ARC = YES;
				CLANG_ENABLE_OBJC_WEAK = YES;
				CLANG_WARN_BLOCK_CAPTURE_AUTORELEASING = YES;
				CLANG_WARN_BOOL_CONVERSION = YES;
				CLANG_WARN_COMMA = YES;
				CLANG_WARN_CONSTANT_CONVERSION = YES;
				CLANG_WARN_DEPRECATED_OBJC_IMPLEMENTATIONS = YES;
				CLANG_WARN_DIRECT_OBJC_ISA_USAGE = YES_ERROR;
				CLANG_WARN_DOCUMENTATION_COMMENTS = YES;
				CLANG_WARN_EMPTY_BODY = YES;
				CLANG_WARN_ENUM_CONVERSION = YES;
				CLANG_WARN_INFINITE_RECURSION = YES;
				CLANG_WARN_INT_CONVERSION = YES;
				CLANG_WARN_NON_LITERAL_NULL_CONVERSION = YES;
				CLANG_WARN_OBJC_IMPLICIT_RETAIN_SELF = YES;
				CLANG_WARN_OBJC_LITERAL_CONVERSION = YES;
				CLANG_WARN_OBJC_ROOT_CLASS = YES_ERROR;
				CLANG_WARN_QUOTED_INCLUDE_IN_FRAMEWORK_HEADER = YES;
				CLANG_WARN_RANGE_LOOP_ANALYSIS = YES;
				CLANG_WARN_STRICT_PROTOTYPES = YES;
				CLANG_WARN_SUSPICIOUS_MOVE = YES;
				CLANG_WARN_UNGUARDED_AVAILABILITY = YES_AGGRESSIVE;
				CLANG_WARN_UNREACHABLE_CODE = YES;
				CLANG_WARN__DUPLICATE_METHOD_MATCH = YES;
				COPY_PHASE_STRIP = NO;
				DEBUG_INFORMATION_FORMAT = dwarf;
				ENABLE_STRICT_OBJC_MSGSEND = YES;
				ENABLE_TESTABILITY = YES;
				GCC_C_LANGUAGE_STANDARD = gnu11;
				GCC_DYNAMIC_NO_PIC = NO;
				GCC_NO_COMMON_BLOCKS = YES;
				GCC_OPTIMIZATION_LEVEL = 0;
				GCC_PREPROCESSOR_DEFINITIONS = (
					"DEBUG=1",
					"$(inherited)",
				);
				GCC_WARN_64_TO_32_BIT_CONVERSION = YES;
				GCC_WARN_ABOUT_RETURN_TYPE = YES_ERROR;
				GCC_WARN_UNDECLARED_SELECTOR = YES;
				GCC_WARN_UNINITIALIZED_AUTOS = YES_AGGRESSIVE;
				GCC_WARN_UNUSED_FUNCTION = YES;
				GCC_WARN_UNUSED_VARIABLE = YES;
				IPHONEOS_DEPLOYMENT_TARGET = 16.4;
				MTL_ENABLE_DEBUG_INFO = INCLUDE_SOURCE;
				MTL_FAST_MATH = YES;
				ONLY_ACTIVE_ARCH = YES;
				SDKROOT = iphoneos;
				SWIFT_ACTIVE_COMPILATION_CONDITIONS = DEBUG;
				SWIFT_OPTIMIZATION_LEVEL = "-Onone";
			};
			name = Debug;
		};
		33B964E22AB862080024951B /* Release */ = {
			isa = XCBuildConfiguration;
			buildSettings = {
				ALWAYS_SEARCH_USER_PATHS = NO;
				CLANG_ANALYZER_NONNULL = YES;
				CLANG_ANALYZER_NUMBER_OBJECT_CONVERSION = YES_AGGRESSIVE;
				CLANG_CXX_LANGUAGE_STANDARD = "gnu++20";
				CLANG_ENABLE_MODULES = YES;
				CLANG_ENABLE_OBJC_ARC = YES;
				CLANG_ENABLE_OBJC_WEAK = YES;
				CLANG_WARN_BLOCK_CAPTURE_AUTORELEASING = YES;
				CLANG_WARN_BOOL_CONVERSION = YES;
				CLANG_WARN_COMMA = YES;
				CLANG_WARN_CONSTANT_CONVERSION = YES;
				CLANG_WARN_DEPRECATED_OBJC_IMPLEMENTATIONS = YES;
				CLANG_WARN_DIRECT_OBJC_ISA_USAGE = YES_ERROR;
				CLANG_WARN_DOCUMENTATION_COMMENTS = YES;
				CLANG_WARN_EMPTY_BODY = YES;
				CLANG_WARN_ENUM_CONVERSION = YES;
				CLANG_WARN_INFINITE_RECURSION = YES;
				CLANG_WARN_INT_CONVERSION = YES;
				CLANG_WARN_NON_LITERAL_NULL_CONVERSION = YES;
				CLANG_WARN_OBJC_IMPLICIT_RETAIN_SELF = YES;
				CLANG_WARN_OBJC_LITERAL_CONVERSION = YES;
				CLANG_WARN_OBJC_ROOT_CLASS = YES_ERROR;
				CLANG_WARN_QUOTED_INCLUDE_IN_FRAMEWORK_HEADER = YES;
				CLANG_WARN_RANGE_LOOP_ANALYSIS = YES;
				CLANG_WARN_STRICT_PROTOTYPES = YES;
				CLANG_WARN_SUSPICIOUS_MOVE = YES;
				CLANG_WARN_UNGUARDED_AVAILABILITY = YES_AGGRESSIVE;
				CLANG_WARN_UNREACHABLE_CODE = YES;
				CLANG_WARN__DUPLICATE_METHOD_MATCH = YES;
				COPY_PHASE_STRIP = NO;
				DEBUG_INFORMATION_FORMAT = "dwarf-with-dsym";
				ENABLE_NS_ASSERTIONS = NO;
				ENABLE_STRICT_OBJC_MSGSEND = YES;
				GCC_C_LANGUAGE_STANDARD = gnu11;
				GCC_NO_COMMON_BLOCKS = YES;
				GCC_WARN_64_TO_32_BIT_CONVERSION = YES;
				GCC_WARN_ABOUT_RETURN_TYPE = YES_ERROR;
				GCC_WARN_UNDECLARED_SELECTOR = YES;
				GCC_WARN_UNINITIALIZED_AUTOS = YES_AGGRESSIVE;
				GCC_WARN_UNUSED_FUNCTION = YES;
				GCC_WARN_UNUSED_VARIABLE = YES;
				IPHONEOS_DEPLOYMENT_TARGET = 16.4;
				MTL_ENABLE_DEBUG_INFO = NO;
				MTL_FAST_MATH = YES;
				SDKROOT = iphoneos;
				SWIFT_COMPILATION_MODE = wholemodule;
				SWIFT_OPTIMIZATION_LEVEL = "-O";
				VALIDATE_PRODUCT = YES;
			};
			name = Release;
		};
		33B964E42AB862080024951B /* Debug */ = {
			isa = XCBuildConfiguration;
			buildSettings = {
				ASSETCATALOG_COMPILER_APPICON_NAME = AppIcon;
				ASSETCATALOG_COMPILER_GLOBAL_ACCENT_COLOR_NAME = AccentColor;
				CODE_SIGN_STYLE = Automatic;
				CURRENT_PROJECT_VERSION = 1;
				DEVELOPMENT_TEAM = C88675TMZW;
				GENERATE_INFOPLIST_FILE = YES;
				INFOPLIST_FILE = IdentityOrchestrationUIKitExample/Info.plist;
				INFOPLIST_KEY_NSCameraUsageDescription = "This app needs your camera permission";
				INFOPLIST_KEY_UIApplicationSupportsIndirectInputEvents = YES;
				INFOPLIST_KEY_UILaunchStoryboardName = LaunchScreen;
				INFOPLIST_KEY_UIMainStoryboardFile = Main;
				INFOPLIST_KEY_UISupportedInterfaceOrientations_iPad = "UIInterfaceOrientationPortrait UIInterfaceOrientationPortraitUpsideDown UIInterfaceOrientationLandscapeLeft UIInterfaceOrientationLandscapeRight";
				INFOPLIST_KEY_UISupportedInterfaceOrientations_iPhone = "UIInterfaceOrientationPortrait UIInterfaceOrientationLandscapeLeft UIInterfaceOrientationLandscapeRight";
				LD_RUNPATH_SEARCH_PATHS = (
					"$(inherited)",
					"@executable_path/Frameworks",
				);
				MARKETING_VERSION = 1.0;
				PRODUCT_BUNDLE_IDENTIFIER = com.TransmitSecurity.IdentityOrchestrationUIKitExample;
				PRODUCT_NAME = "$(TARGET_NAME)";
				SWIFT_EMIT_LOC_STRINGS = YES;
				SWIFT_VERSION = 5.0;
				TARGETED_DEVICE_FAMILY = "1,2";
			};
			name = Debug;
		};
		33B964E52AB862080024951B /* Release */ = {
			isa = XCBuildConfiguration;
			buildSettings = {
				ASSETCATALOG_COMPILER_APPICON_NAME = AppIcon;
				ASSETCATALOG_COMPILER_GLOBAL_ACCENT_COLOR_NAME = AccentColor;
				CODE_SIGN_STYLE = Automatic;
				CURRENT_PROJECT_VERSION = 1;
				DEVELOPMENT_TEAM = C88675TMZW;
				GENERATE_INFOPLIST_FILE = YES;
				INFOPLIST_FILE = IdentityOrchestrationUIKitExample/Info.plist;
				INFOPLIST_KEY_NSCameraUsageDescription = "This app needs your camera permission";
				INFOPLIST_KEY_UIApplicationSupportsIndirectInputEvents = YES;
				INFOPLIST_KEY_UILaunchStoryboardName = LaunchScreen;
				INFOPLIST_KEY_UIMainStoryboardFile = Main;
				INFOPLIST_KEY_UISupportedInterfaceOrientations_iPad = "UIInterfaceOrientationPortrait UIInterfaceOrientationPortraitUpsideDown UIInterfaceOrientationLandscapeLeft UIInterfaceOrientationLandscapeRight";
				INFOPLIST_KEY_UISupportedInterfaceOrientations_iPhone = "UIInterfaceOrientationPortrait UIInterfaceOrientationLandscapeLeft UIInterfaceOrientationLandscapeRight";
				LD_RUNPATH_SEARCH_PATHS = (
					"$(inherited)",
					"@executable_path/Frameworks",
				);
				MARKETING_VERSION = 1.0;
				PRODUCT_BUNDLE_IDENTIFIER = com.TransmitSecurity.IdentityOrchestrationUIKitExample;
				PRODUCT_NAME = "$(TARGET_NAME)";
				SWIFT_EMIT_LOC_STRINGS = YES;
				SWIFT_VERSION = 5.0;
				TARGETED_DEVICE_FAMILY = "1,2";
			};
			name = Release;
		};
/* End XCBuildConfiguration section */

/* Begin XCConfigurationList section */
		33B964CA2AB862070024951B /* Build configuration list for PBXProject "IdentityOrchestrationUIKitExample" */ = {
			isa = XCConfigurationList;
			buildConfigurations = (
				33B964E12AB862080024951B /* Debug */,
				33B964E22AB862080024951B /* Release */,
			);
			defaultConfigurationIsVisible = 0;
			defaultConfigurationName = Release;
		};
		33B964E32AB862080024951B /* Build configuration list for PBXNativeTarget "IdentityOrchestrationUIKitExample" */ = {
			isa = XCConfigurationList;
			buildConfigurations = (
				33B964E42AB862080024951B /* Debug */,
				33B964E52AB862080024951B /* Release */,
			);
			defaultConfigurationIsVisible = 0;
			defaultConfigurationName = Release;
		};
/* End XCConfigurationList section */

/* Begin XCRemoteSwiftPackageReference section */
		33FD94C22AC41CF4001D5A8F /* XCRemoteSwiftPackageReference "identityOrchestration-ios-sdk" */ = {
			isa = XCRemoteSwiftPackageReference;
			repositoryURL = "git@github.com:TransmitSecurity/identityOrchestration-ios-sdk.git";
			requirement = {
				kind = upToNextMajorVersion;
				minimumVersion = 0.0.3;
			};
		};
/* End XCRemoteSwiftPackageReference section */

/* Begin XCSwiftPackageProductDependency section */
		33FD94C32AC41CF5001D5A8F /* IdentityOrchestration */ = {
			isa = XCSwiftPackageProductDependency;
			package = 33FD94C22AC41CF4001D5A8F /* XCRemoteSwiftPackageReference "identityOrchestration-ios-sdk" */;
			productName = IdentityOrchestration;
		};
/* End XCSwiftPackageProductDependency section */
	};
	rootObject = 33B964C72AB862070024951B /* Project object */;
}
