// !$*UTF8*$!
{
	archiveVersion = 1;
	classes = {
	};
	objectVersion = 56;
	objects = {

/* Begin PBXBuildFile section */
		332616342A9F52F40047D584 /* IdentityVerification in Frameworks */ = {isa = PBXBuildFile; productRef = 332616332A9F52F40047D584 /* IdentityVerification */; };
		3393B0912A4480590083D37C /* AppDelegate.swift in Sources */ = {isa = PBXBuildFile; fileRef = 3393B0902A4480590083D37C /* AppDelegate.swift */; };
		3393B0932A4480590083D37C /* SceneDelegate.swift in Sources */ = {isa = PBXBuildFile; fileRef = 3393B0922A4480590083D37C /* SceneDelegate.swift */; };
		3393B0952A4480590083D37C /* ViewController.swift in Sources */ = {isa = PBXBuildFile; fileRef = 3393B0942A4480590083D37C /* ViewController.swift */; };
		3393B0982A4480590083D37C /* Main.storyboard in Resources */ = {isa = PBXBuildFile; fileRef = 3393B0962A4480590083D37C /* Main.storyboard */; };
		3393B09A2A4480590083D37C /* Assets.xcassets in Resources */ = {isa = PBXBuildFile; fileRef = 3393B0992A4480590083D37C /* Assets.xcassets */; };
		3393B09D2A4480590083D37C /* LaunchScreen.storyboard in Resources */ = {isa = PBXBuildFile; fileRef = 3393B09B2A4480590083D37C /* LaunchScreen.storyboard */; };
		3393B0B32A448AEE0083D37C /* VerificationProcessStatus.swift in Sources */ = {isa = PBXBuildFile; fileRef = 3393B0B22A448AEE0083D37C /* VerificationProcessStatus.swift */; };
		3393B0B62A448B420083D37C /* Constants.swift in Sources */ = {isa = PBXBuildFile; fileRef = 3393B0B52A448B420083D37C /* Constants.swift */; };
		3393B0BF2A4497980083D37C /* GenericTableViewCell.swift in Sources */ = {isa = PBXBuildFile; fileRef = 3393B0BD2A4497980083D37C /* GenericTableViewCell.swift */; };
		3393B0C02A4497980083D37C /* GenericTableViewCell.xib in Resources */ = {isa = PBXBuildFile; fileRef = 3393B0BE2A4497980083D37C /* GenericTableViewCell.xib */; };
		3393B0C22A4848040083D37C /* GenericTableViewCellModel.swift in Sources */ = {isa = PBXBuildFile; fileRef = 3393B0C12A4848040083D37C /* GenericTableViewCellModel.swift */; };
		3393B0C52A4851850083D37C /* SeparatorLineView.swift in Sources */ = {isa = PBXBuildFile; fileRef = 3393B0C42A4851850083D37C /* SeparatorLineView.swift */; };
		3393B0C72A4851900083D37C /* SeparatorLineView.xib in Resources */ = {isa = PBXBuildFile; fileRef = 3393B0C62A4851900083D37C /* SeparatorLineView.xib */; };
		3393B0C92A4852980083D37C /* Nameable.swift in Sources */ = {isa = PBXBuildFile; fileRef = 3393B0C82A4852980083D37C /* Nameable.swift */; };
		3393B0CE2A4855010083D37C /* CheckboxView.swift in Sources */ = {isa = PBXBuildFile; fileRef = 3393B0CD2A4855010083D37C /* CheckboxView.swift */; };
		3393B0D02A48550A0083D37C /* CheckboxView.xib in Resources */ = {isa = PBXBuildFile; fileRef = 3393B0CF2A48550A0083D37C /* CheckboxView.xib */; };
		3393B0D32A485F200083D37C /* UITextView.swift in Sources */ = {isa = PBXBuildFile; fileRef = 3393B0D22A485F200083D37C /* UITextView.swift */; };
		3393B0D62A48666B0083D37C /* CustomButtonView.swift in Sources */ = {isa = PBXBuildFile; fileRef = 3393B0D52A48666B0083D37C /* CustomButtonView.swift */; };
		3393B0D82A4866820083D37C /* CustomButtonView.xib in Resources */ = {isa = PBXBuildFile; fileRef = 3393B0D72A4866820083D37C /* CustomButtonView.xib */; };
		3393B0DF2A48761C0083D37C /* MockServerProvider.swift in Sources */ = {isa = PBXBuildFile; fileRef = 3393B0DE2A48761C0083D37C /* MockServerProvider.swift */; };
		3393B0E22A48763F0083D37C /* GetAccessTokenRequest.swift in Sources */ = {isa = PBXBuildFile; fileRef = 3393B0E12A48763F0083D37C /* GetAccessTokenRequest.swift */; };
		3393B0E42A4876510083D37C /* CreateSessionRequest.swift in Sources */ = {isa = PBXBuildFile; fileRef = 3393B0E32A4876510083D37C /* CreateSessionRequest.swift */; };
		3393B0E62A4876640083D37C /* GetVerficiationRequest.swift in Sources */ = {isa = PBXBuildFile; fileRef = 3393B0E52A4876640083D37C /* GetVerficiationRequest.swift */; };
		3393B0E82A4876990083D37C /* Dictionary.swift in Sources */ = {isa = PBXBuildFile; fileRef = 3393B0E72A4876990083D37C /* Dictionary.swift */; };
		3393B0EA2A4876E90083D37C /* DemoAppModuleInfo.swift in Sources */ = {isa = PBXBuildFile; fileRef = 3393B0E92A4876E90083D37C /* DemoAppModuleInfo.swift */; };
		3393B0EC2A4877000083D37C /* Bundle.swift in Sources */ = {isa = PBXBuildFile; fileRef = 3393B0EB2A4877000083D37C /* Bundle.swift */; };
		3393B0EF2A487AF00083D37C /* VerificationProcessViewController.swift in Sources */ = {isa = PBXBuildFile; fileRef = 3393B0EE2A487AF00083D37C /* VerificationProcessViewController.swift */; };
		3393B0F22A487C7D0083D37C /* ProgressView.swift in Sources */ = {isa = PBXBuildFile; fileRef = 3393B0F12A487C7D0083D37C /* ProgressView.swift */; };
		3393B0F42A487C860083D37C /* ProgressView.xib in Resources */ = {isa = PBXBuildFile; fileRef = 3393B0F32A487C860083D37C /* ProgressView.xib */; };
		3393B0F72A4880D90083D37C /* AppNavigationManager.swift in Sources */ = {isa = PBXBuildFile; fileRef = 3393B0F62A4880D90083D37C /* AppNavigationManager.swift */; };
		33B33FB82A48860300284578 /* LoaderViewController.swift in Sources */ = {isa = PBXBuildFile; fileRef = 33B33FB72A48860300284578 /* LoaderViewController.swift */; };
		33E3131A2A488B380093449D /* ResubmitView.swift in Sources */ = {isa = PBXBuildFile; fileRef = 33E313192A488B380093449D /* ResubmitView.swift */; };
		33E3131C2A488B420093449D /* ResubmitView.xib in Resources */ = {isa = PBXBuildFile; fileRef = 33E3131B2A488B420093449D /* ResubmitView.xib */; };
/* End PBXBuildFile section */

/* Begin PBXCopyFilesBuildPhase section */
		3393B0AC2A44808E0083D37C /* Embed Frameworks */ = {
			isa = PBXCopyFilesBuildPhase;
			buildActionMask = 2147483647;
			dstPath = "";
			dstSubfolderSpec = 10;
			files = (
			);
			name = "Embed Frameworks";
			runOnlyForDeploymentPostprocessing = 0;
		};
/* End PBXCopyFilesBuildPhase section */

/* Begin PBXFileReference section */
		3393B08D2A4480590083D37C /* IdentityVerificationUIKitExample.app */ = {isa = PBXFileReference; explicitFileType = wrapper.application; includeInIndex = 0; path = IdentityVerificationUIKitExample.app; sourceTree = BUILT_PRODUCTS_DIR; };
		3393B0902A4480590083D37C /* AppDelegate.swift */ = {isa = PBXFileReference; lastKnownFileType = sourcecode.swift; path = AppDelegate.swift; sourceTree = "<group>"; };
		3393B0922A4480590083D37C /* SceneDelegate.swift */ = {isa = PBXFileReference; lastKnownFileType = sourcecode.swift; path = SceneDelegate.swift; sourceTree = "<group>"; };
		3393B0942A4480590083D37C /* ViewController.swift */ = {isa = PBXFileReference; lastKnownFileType = sourcecode.swift; path = ViewController.swift; sourceTree = "<group>"; };
		3393B0972A4480590083D37C /* Base */ = {isa = PBXFileReference; lastKnownFileType = file.storyboard; name = Base; path = Base.lproj/Main.storyboard; sourceTree = "<group>"; };
		3393B0992A4480590083D37C /* Assets.xcassets */ = {isa = PBXFileReference; lastKnownFileType = folder.assetcatalog; path = Assets.xcassets; sourceTree = "<group>"; };
		3393B09C2A4480590083D37C /* Base */ = {isa = PBXFileReference; lastKnownFileType = file.storyboard; name = Base; path = Base.lproj/LaunchScreen.storyboard; sourceTree = "<group>"; };
		3393B09E2A4480590083D37C /* Info.plist */ = {isa = PBXFileReference; lastKnownFileType = text.plist.xml; path = Info.plist; sourceTree = "<group>"; };
		3393B0B22A448AEE0083D37C /* VerificationProcessStatus.swift */ = {isa = PBXFileReference; lastKnownFileType = sourcecode.swift; path = VerificationProcessStatus.swift; sourceTree = "<group>"; };
		3393B0B52A448B420083D37C /* Constants.swift */ = {isa = PBXFileReference; lastKnownFileType = sourcecode.swift; path = Constants.swift; sourceTree = "<group>"; };
		3393B0B92A4495540083D37C /* Inter-SemiBold.ttf */ = {isa = PBXFileReference; lastKnownFileType = file; path = "Inter-SemiBold.ttf"; sourceTree = "<group>"; };
		3393B0BA2A44955B0083D37C /* Inter-Regular.ttf */ = {isa = PBXFileReference; lastKnownFileType = file; path = "Inter-Regular.ttf"; sourceTree = "<group>"; };
		3393B0BD2A4497980083D37C /* GenericTableViewCell.swift */ = {isa = PBXFileReference; lastKnownFileType = sourcecode.swift; path = GenericTableViewCell.swift; sourceTree = "<group>"; };
		3393B0BE2A4497980083D37C /* GenericTableViewCell.xib */ = {isa = PBXFileReference; lastKnownFileType = file.xib; path = GenericTableViewCell.xib; sourceTree = "<group>"; };
		3393B0C12A4848040083D37C /* GenericTableViewCellModel.swift */ = {isa = PBXFileReference; lastKnownFileType = sourcecode.swift; path = GenericTableViewCellModel.swift; sourceTree = "<group>"; };
		3393B0C42A4851850083D37C /* SeparatorLineView.swift */ = {isa = PBXFileReference; lastKnownFileType = sourcecode.swift; path = SeparatorLineView.swift; sourceTree = "<group>"; };
		3393B0C62A4851900083D37C /* SeparatorLineView.xib */ = {isa = PBXFileReference; lastKnownFileType = file.xib; path = SeparatorLineView.xib; sourceTree = "<group>"; };
		3393B0C82A4852980083D37C /* Nameable.swift */ = {isa = PBXFileReference; lastKnownFileType = sourcecode.swift; path = Nameable.swift; sourceTree = "<group>"; };
		3393B0CD2A4855010083D37C /* CheckboxView.swift */ = {isa = PBXFileReference; lastKnownFileType = sourcecode.swift; path = CheckboxView.swift; sourceTree = "<group>"; };
		3393B0CF2A48550A0083D37C /* CheckboxView.xib */ = {isa = PBXFileReference; lastKnownFileType = file.xib; path = CheckboxView.xib; sourceTree = "<group>"; };
		3393B0D22A485F200083D37C /* UITextView.swift */ = {isa = PBXFileReference; lastKnownFileType = sourcecode.swift; path = UITextView.swift; sourceTree = "<group>"; };
		3393B0D52A48666B0083D37C /* CustomButtonView.swift */ = {isa = PBXFileReference; lastKnownFileType = sourcecode.swift; path = CustomButtonView.swift; sourceTree = "<group>"; };
		3393B0D72A4866820083D37C /* CustomButtonView.xib */ = {isa = PBXFileReference; lastKnownFileType = file.xib; path = CustomButtonView.xib; sourceTree = "<group>"; };
		3393B0DE2A48761C0083D37C /* MockServerProvider.swift */ = {isa = PBXFileReference; lastKnownFileType = sourcecode.swift; path = MockServerProvider.swift; sourceTree = "<group>"; };
		3393B0E12A48763F0083D37C /* GetAccessTokenRequest.swift */ = {isa = PBXFileReference; lastKnownFileType = sourcecode.swift; path = GetAccessTokenRequest.swift; sourceTree = "<group>"; };
		3393B0E32A4876510083D37C /* CreateSessionRequest.swift */ = {isa = PBXFileReference; lastKnownFileType = sourcecode.swift; path = CreateSessionRequest.swift; sourceTree = "<group>"; };
		3393B0E52A4876640083D37C /* GetVerficiationRequest.swift */ = {isa = PBXFileReference; lastKnownFileType = sourcecode.swift; path = GetVerficiationRequest.swift; sourceTree = "<group>"; };
		3393B0E72A4876990083D37C /* Dictionary.swift */ = {isa = PBXFileReference; lastKnownFileType = sourcecode.swift; path = Dictionary.swift; sourceTree = "<group>"; };
		3393B0E92A4876E90083D37C /* DemoAppModuleInfo.swift */ = {isa = PBXFileReference; lastKnownFileType = sourcecode.swift; path = DemoAppModuleInfo.swift; sourceTree = "<group>"; };
		3393B0EB2A4877000083D37C /* Bundle.swift */ = {isa = PBXFileReference; lastKnownFileType = sourcecode.swift; path = Bundle.swift; sourceTree = "<group>"; };
		3393B0EE2A487AF00083D37C /* VerificationProcessViewController.swift */ = {isa = PBXFileReference; lastKnownFileType = sourcecode.swift; path = VerificationProcessViewController.swift; sourceTree = "<group>"; };
		3393B0F12A487C7D0083D37C /* ProgressView.swift */ = {isa = PBXFileReference; lastKnownFileType = sourcecode.swift; path = ProgressView.swift; sourceTree = "<group>"; };
		3393B0F32A487C860083D37C /* ProgressView.xib */ = {isa = PBXFileReference; lastKnownFileType = file.xib; path = ProgressView.xib; sourceTree = "<group>"; };
		3393B0F62A4880D90083D37C /* AppNavigationManager.swift */ = {isa = PBXFileReference; lastKnownFileType = sourcecode.swift; path = AppNavigationManager.swift; sourceTree = "<group>"; };
		33B33FB72A48860300284578 /* LoaderViewController.swift */ = {isa = PBXFileReference; lastKnownFileType = sourcecode.swift; path = LoaderViewController.swift; sourceTree = "<group>"; };
		33E313192A488B380093449D /* ResubmitView.swift */ = {isa = PBXFileReference; lastKnownFileType = sourcecode.swift; path = ResubmitView.swift; sourceTree = "<group>"; };
		33E3131B2A488B420093449D /* ResubmitView.xib */ = {isa = PBXFileReference; lastKnownFileType = file.xib; path = ResubmitView.xib; sourceTree = "<group>"; };
/* End PBXFileReference section */

/* Begin PBXFrameworksBuildPhase section */
		3393B08A2A4480590083D37C /* Frameworks */ = {
			isa = PBXFrameworksBuildPhase;
			buildActionMask = 2147483647;
			files = (
				332616342A9F52F40047D584 /* IdentityVerification in Frameworks */,
			);
			runOnlyForDeploymentPostprocessing = 0;
		};
/* End PBXFrameworksBuildPhase section */

/* Begin PBXGroup section */
		3393B0842A4480590083D37C = {
			isa = PBXGroup;
			children = (
				3393B08F2A4480590083D37C /* IdentityVerificationUIKitExample */,
				3393B08E2A4480590083D37C /* Products */,
			);
			sourceTree = "<group>";
		};
		3393B08E2A4480590083D37C /* Products */ = {
			isa = PBXGroup;
			children = (
				3393B08D2A4480590083D37C /* IdentityVerificationUIKitExample.app */,
			);
			name = Products;
			sourceTree = "<group>";
		};
		3393B08F2A4480590083D37C /* IdentityVerificationUIKitExample */ = {
			isa = PBXGroup;
			children = (
				3393B0F52A4880CB0083D37C /* Navigation */,
				3393B0DD2A48760B0083D37C /* Network */,
				3393B0D92A4873380083D37C /* Controllers */,
				3393B0D12A485F100083D37C /* Extensions */,
				3393B0BB2A4496A10083D37C /* Views */,
				3393B0B72A4495160083D37C /* Fonts */,
				3393B0B42A448B2A0083D37C /* Utils */,
				3393B0B12A448ADE0083D37C /* VerificationProcess */,
				3393B0902A4480590083D37C /* AppDelegate.swift */,
				3393B0922A4480590083D37C /* SceneDelegate.swift */,
				3393B0962A4480590083D37C /* Main.storyboard */,
				3393B0992A4480590083D37C /* Assets.xcassets */,
				3393B09B2A4480590083D37C /* LaunchScreen.storyboard */,
				3393B09E2A4480590083D37C /* Info.plist */,
			);
			path = IdentityVerificationUIKitExample;
			sourceTree = "<group>";
		};
		3393B0B12A448ADE0083D37C /* VerificationProcess */ = {
			isa = PBXGroup;
			children = (
				3393B0B22A448AEE0083D37C /* VerificationProcessStatus.swift */,
			);
			path = VerificationProcess;
			sourceTree = "<group>";
		};
		3393B0B42A448B2A0083D37C /* Utils */ = {
			isa = PBXGroup;
			children = (
				3393B0B52A448B420083D37C /* Constants.swift */,
				3393B0C82A4852980083D37C /* Nameable.swift */,
				3393B0E92A4876E90083D37C /* DemoAppModuleInfo.swift */,
			);
			path = Utils;
			sourceTree = "<group>";
		};
		3393B0B72A4495160083D37C /* Fonts */ = {
			isa = PBXGroup;
			children = (
				3393B0B82A4495220083D37C /* Inter */,
			);
			path = Fonts;
			sourceTree = "<group>";
		};
		3393B0B82A4495220083D37C /* Inter */ = {
			isa = PBXGroup;
			children = (
				3393B0B92A4495540083D37C /* Inter-SemiBold.ttf */,
				3393B0BA2A44955B0083D37C /* Inter-Regular.ttf */,
			);
			path = Inter;
			sourceTree = "<group>";
		};
		3393B0BB2A4496A10083D37C /* Views */ = {
			isa = PBXGroup;
			children = (
				33E313182A488B140093449D /* ResubmitView */,
				3393B0F02A487C610083D37C /* ProgressView */,
				3393B0D42A48664F0083D37C /* CustomButton */,
				3393B0CA2A48548E0083D37C /* Checkbox */,
				3393B0C32A4851590083D37C /* SeparatorLine */,
				3393B0BC2A4496AA0083D37C /* TableViewCells */,
			);
			path = Views;
			sourceTree = "<group>";
		};
		3393B0BC2A4496AA0083D37C /* TableViewCells */ = {
			isa = PBXGroup;
			children = (
				3393B0BD2A4497980083D37C /* GenericTableViewCell.swift */,
				3393B0BE2A4497980083D37C /* GenericTableViewCell.xib */,
				3393B0C12A4848040083D37C /* GenericTableViewCellModel.swift */,
			);
			path = TableViewCells;
			sourceTree = "<group>";
		};
		3393B0C32A4851590083D37C /* SeparatorLine */ = {
			isa = PBXGroup;
			children = (
				3393B0C42A4851850083D37C /* SeparatorLineView.swift */,
				3393B0C62A4851900083D37C /* SeparatorLineView.xib */,
			);
			path = SeparatorLine;
			sourceTree = "<group>";
		};
		3393B0CA2A48548E0083D37C /* Checkbox */ = {
			isa = PBXGroup;
			children = (
				3393B0CD2A4855010083D37C /* CheckboxView.swift */,
				3393B0CF2A48550A0083D37C /* CheckboxView.xib */,
			);
			path = Checkbox;
			sourceTree = "<group>";
		};
		3393B0D12A485F100083D37C /* Extensions */ = {
			isa = PBXGroup;
			children = (
				3393B0D22A485F200083D37C /* UITextView.swift */,
				3393B0E72A4876990083D37C /* Dictionary.swift */,
				3393B0EB2A4877000083D37C /* Bundle.swift */,
			);
			path = Extensions;
			sourceTree = "<group>";
		};
		3393B0D42A48664F0083D37C /* CustomButton */ = {
			isa = PBXGroup;
			children = (
				3393B0D52A48666B0083D37C /* CustomButtonView.swift */,
				3393B0D72A4866820083D37C /* CustomButtonView.xib */,
			);
			path = CustomButton;
			sourceTree = "<group>";
		};
		3393B0D92A4873380083D37C /* Controllers */ = {
			isa = PBXGroup;
			children = (
				33B33FB62A48858400284578 /* LoaderController */,
				3393B0ED2A48798E0083D37C /* VerificationProcessController */,
				3393B0DA2A4873470083D37C /* MainViewController */,
			);
			path = Controllers;
			sourceTree = "<group>";
		};
		3393B0DA2A4873470083D37C /* MainViewController */ = {
			isa = PBXGroup;
			children = (
				3393B0942A4480590083D37C /* ViewController.swift */,
			);
			path = MainViewController;
			sourceTree = "<group>";
		};
		3393B0DD2A48760B0083D37C /* Network */ = {
			isa = PBXGroup;
			children = (
				3393B0E02A48762B0083D37C /* Requests */,
				3393B0DE2A48761C0083D37C /* MockServerProvider.swift */,
			);
			path = Network;
			sourceTree = "<group>";
		};
		3393B0E02A48762B0083D37C /* Requests */ = {
			isa = PBXGroup;
			children = (
				3393B0E12A48763F0083D37C /* GetAccessTokenRequest.swift */,
				3393B0E32A4876510083D37C /* CreateSessionRequest.swift */,
				3393B0E52A4876640083D37C /* GetVerficiationRequest.swift */,
			);
			path = Requests;
			sourceTree = "<group>";
		};
		3393B0ED2A48798E0083D37C /* VerificationProcessController */ = {
			isa = PBXGroup;
			children = (
				3393B0EE2A487AF00083D37C /* VerificationProcessViewController.swift */,
			);
			path = VerificationProcessController;
			sourceTree = "<group>";
		};
		3393B0F02A487C610083D37C /* ProgressView */ = {
			isa = PBXGroup;
			children = (
				3393B0F12A487C7D0083D37C /* ProgressView.swift */,
				3393B0F32A487C860083D37C /* ProgressView.xib */,
			);
			path = ProgressView;
			sourceTree = "<group>";
		};
		3393B0F52A4880CB0083D37C /* Navigation */ = {
			isa = PBXGroup;
			children = (
				3393B0F62A4880D90083D37C /* AppNavigationManager.swift */,
			);
			path = Navigation;
			sourceTree = "<group>";
		};
		33B33FB62A48858400284578 /* LoaderController */ = {
			isa = PBXGroup;
			children = (
				33B33FB72A48860300284578 /* LoaderViewController.swift */,
			);
			path = LoaderController;
			sourceTree = "<group>";
		};
		33E313182A488B140093449D /* ResubmitView */ = {
			isa = PBXGroup;
			children = (
				33E313192A488B380093449D /* ResubmitView.swift */,
				33E3131B2A488B420093449D /* ResubmitView.xib */,
			);
			path = ResubmitView;
			sourceTree = "<group>";
		};
/* End PBXGroup section */

/* Begin PBXNativeTarget section */
		3393B08C2A4480590083D37C /* IdentityVerificationUIKitExample */ = {
			isa = PBXNativeTarget;
			buildConfigurationList = 3393B0A12A4480590083D37C /* Build configuration list for PBXNativeTarget "IdentityVerificationUIKitExample" */;
			buildPhases = (
				3393B0892A4480590083D37C /* Sources */,
				3393B08A2A4480590083D37C /* Frameworks */,
				3393B08B2A4480590083D37C /* Resources */,
				3393B0AC2A44808E0083D37C /* Embed Frameworks */,
			);
			buildRules = (
			);
			dependencies = (
			);
			name = IdentityVerificationUIKitExample;
			packageProductDependencies = (
				332616332A9F52F40047D584 /* IdentityVerification */,
			);
			productName = IdentityVerificationUIKitExample;
			productReference = 3393B08D2A4480590083D37C /* IdentityVerificationUIKitExample.app */;
			productType = "com.apple.product-type.application";
		};
/* End PBXNativeTarget section */

/* Begin PBXProject section */
		3393B0852A4480590083D37C /* Project object */ = {
			isa = PBXProject;
			attributes = {
				BuildIndependentTargetsInParallel = 1;
				LastSwiftUpdateCheck = 1430;
				LastUpgradeCheck = 1430;
				TargetAttributes = {
					3393B08C2A4480590083D37C = {
						CreatedOnToolsVersion = 14.3;
					};
				};
			};
			buildConfigurationList = 3393B0882A4480590083D37C /* Build configuration list for PBXProject "IdentityVerificationUIKitExample" */;
			compatibilityVersion = "Xcode 14.0";
			developmentRegion = en;
			hasScannedForEncodings = 0;
			knownRegions = (
				en,
				Base,
			);
			mainGroup = 3393B0842A4480590083D37C;
			packageReferences = (
				332616322A9F52F40047D584 /* XCRemoteSwiftPackageReference "identityVerification-ios-sdk" */,
			);
			productRefGroup = 3393B08E2A4480590083D37C /* Products */;
			projectDirPath = "";
			projectRoot = "";
			targets = (
				3393B08C2A4480590083D37C /* IdentityVerificationUIKitExample */,
			);
		};
/* End PBXProject section */

/* Begin PBXResourcesBuildPhase section */
		3393B08B2A4480590083D37C /* Resources */ = {
			isa = PBXResourcesBuildPhase;
			buildActionMask = 2147483647;
			files = (
				3393B09D2A4480590083D37C /* LaunchScreen.storyboard in Resources */,
				3393B0F42A487C860083D37C /* ProgressView.xib in Resources */,
				3393B0C02A4497980083D37C /* GenericTableViewCell.xib in Resources */,
				3393B09A2A4480590083D37C /* Assets.xcassets in Resources */,
				33E3131C2A488B420093449D /* ResubmitView.xib in Resources */,
				3393B0D82A4866820083D37C /* CustomButtonView.xib in Resources */,
				3393B0C72A4851900083D37C /* SeparatorLineView.xib in Resources */,
				3393B0982A4480590083D37C /* Main.storyboard in Resources */,
				3393B0D02A48550A0083D37C /* CheckboxView.xib in Resources */,
			);
			runOnlyForDeploymentPostprocessing = 0;
		};
/* End PBXResourcesBuildPhase section */

/* Begin PBXSourcesBuildPhase section */
		3393B0892A4480590083D37C /* Sources */ = {
			isa = PBXSourcesBuildPhase;
			buildActionMask = 2147483647;
			files = (
				3393B0B62A448B420083D37C /* Constants.swift in Sources */,
				3393B0C92A4852980083D37C /* Nameable.swift in Sources */,
				3393B0B32A448AEE0083D37C /* VerificationProcessStatus.swift in Sources */,
				3393B0D62A48666B0083D37C /* CustomButtonView.swift in Sources */,
				3393B0D32A485F200083D37C /* UITextView.swift in Sources */,
				3393B0E82A4876990083D37C /* Dictionary.swift in Sources */,
				3393B0E42A4876510083D37C /* CreateSessionRequest.swift in Sources */,
				3393B0CE2A4855010083D37C /* CheckboxView.swift in Sources */,
				3393B0952A4480590083D37C /* ViewController.swift in Sources */,
				3393B0C22A4848040083D37C /* GenericTableViewCellModel.swift in Sources */,
				3393B0BF2A4497980083D37C /* GenericTableViewCell.swift in Sources */,
				3393B0DF2A48761C0083D37C /* MockServerProvider.swift in Sources */,
				33E3131A2A488B380093449D /* ResubmitView.swift in Sources */,
				3393B0EC2A4877000083D37C /* Bundle.swift in Sources */,
				3393B0F72A4880D90083D37C /* AppNavigationManager.swift in Sources */,
				3393B0912A4480590083D37C /* AppDelegate.swift in Sources */,
				3393B0C52A4851850083D37C /* SeparatorLineView.swift in Sources */,
				3393B0E22A48763F0083D37C /* GetAccessTokenRequest.swift in Sources */,
				3393B0EA2A4876E90083D37C /* DemoAppModuleInfo.swift in Sources */,
				33B33FB82A48860300284578 /* LoaderViewController.swift in Sources */,
				3393B0EF2A487AF00083D37C /* VerificationProcessViewController.swift in Sources */,
				3393B0932A4480590083D37C /* SceneDelegate.swift in Sources */,
				3393B0E62A4876640083D37C /* GetVerficiationRequest.swift in Sources */,
				3393B0F22A487C7D0083D37C /* ProgressView.swift in Sources */,
			);
			runOnlyForDeploymentPostprocessing = 0;
		};
/* End PBXSourcesBuildPhase section */

/* Begin PBXVariantGroup section */
		3393B0962A4480590083D37C /* Main.storyboard */ = {
			isa = PBXVariantGroup;
			children = (
				3393B0972A4480590083D37C /* Base */,
			);
			name = Main.storyboard;
			sourceTree = "<group>";
		};
		3393B09B2A4480590083D37C /* LaunchScreen.storyboard */ = {
			isa = PBXVariantGroup;
			children = (
				3393B09C2A4480590083D37C /* Base */,
			);
			name = LaunchScreen.storyboard;
			sourceTree = "<group>";
		};
/* End PBXVariantGroup section */

/* Begin XCBuildConfiguration section */
		3393B09F2A4480590083D37C /* Debug */ = {
			isa = XCBuildConfiguration;
			buildSettings = {
				ALWAYS_SEARCH_USER_PATHS = NO;
				CLANG_ANALYZER_NONNULL = YES;
				CLANG_ANALYZER_NUMBER_OBJECT_CONVERSION = YES_AGGRESSIVE;
				CLANG_CXX_LANGUAGE_STANDARD = "gnu++20";
				CLANG_ENABLE_MODULES = YES;
				CLANG_ENABLE_OBJC_ARC = YES;
				CLANG_ENABLE_OBJC_WEAK = YES;
				CLANG_WARN_BLOCK_CAPTURE_AUTORELEASING = YES;
				CLANG_WARN_BOOL_CONVERSION = YES;
				CLANG_WARN_COMMA = YES;
				CLANG_WARN_CONSTANT_CONVERSION = YES;
				CLANG_WARN_DEPRECATED_OBJC_IMPLEMENTATIONS = YES;
				CLANG_WARN_DIRECT_OBJC_ISA_USAGE = YES_ERROR;
				CLANG_WARN_DOCUMENTATION_COMMENTS = YES;
				CLANG_WARN_EMPTY_BODY = YES;
				CLANG_WARN_ENUM_CONVERSION = YES;
				CLANG_WARN_INFINITE_RECURSION = YES;
				CLANG_WARN_INT_CONVERSION = YES;
				CLANG_WARN_NON_LITERAL_NULL_CONVERSION = YES;
				CLANG_WARN_OBJC_IMPLICIT_RETAIN_SELF = YES;
				CLANG_WARN_OBJC_LITERAL_CONVERSION = YES;
				CLANG_WARN_OBJC_ROOT_CLASS = YES_ERROR;
				CLANG_WARN_QUOTED_INCLUDE_IN_FRAMEWORK_HEADER = YES;
				CLANG_WARN_RANGE_LOOP_ANALYSIS = YES;
				CLANG_WARN_STRICT_PROTOTYPES = YES;
				CLANG_WARN_SUSPICIOUS_MOVE = YES;
				CLANG_WARN_UNGUARDED_AVAILABILITY = YES_AGGRESSIVE;
				CLANG_WARN_UNREACHABLE_CODE = YES;
				CLANG_WARN__DUPLICATE_METHOD_MATCH = YES;
				COPY_PHASE_STRIP = NO;
				DEBUG_INFORMATION_FORMAT = dwarf;
				ENABLE_STRICT_OBJC_MSGSEND = YES;
				ENABLE_TESTABILITY = YES;
				GCC_C_LANGUAGE_STANDARD = gnu11;
				GCC_DYNAMIC_NO_PIC = NO;
				GCC_NO_COMMON_BLOCKS = YES;
				GCC_OPTIMIZATION_LEVEL = 0;
				GCC_PREPROCESSOR_DEFINITIONS = (
					"DEBUG=1",
					"$(inherited)",
				);
				GCC_WARN_64_TO_32_BIT_CONVERSION = YES;
				GCC_WARN_ABOUT_RETURN_TYPE = YES_ERROR;
				GCC_WARN_UNDECLARED_SELECTOR = YES;
				GCC_WARN_UNINITIALIZED_AUTOS = YES_AGGRESSIVE;
				GCC_WARN_UNUSED_FUNCTION = YES;
				GCC_WARN_UNUSED_VARIABLE = YES;
				IPHONEOS_DEPLOYMENT_TARGET = 16.4;
				MTL_ENABLE_DEBUG_INFO = INCLUDE_SOURCE;
				MTL_FAST_MATH = YES;
				ONLY_ACTIVE_ARCH = YES;
				SDKROOT = iphoneos;
				SWIFT_ACTIVE_COMPILATION_CONDITIONS = DEBUG;
				SWIFT_OPTIMIZATION_LEVEL = "-Onone";
			};
			name = Debug;
		};
		3393B0A02A4480590083D37C /* Release */ = {
			isa = XCBuildConfiguration;
			buildSettings = {
				ALWAYS_SEARCH_USER_PATHS = NO;
				CLANG_ANALYZER_NONNULL = YES;
				CLANG_ANALYZER_NUMBER_OBJECT_CONVERSION = YES_AGGRESSIVE;
				CLANG_CXX_LANGUAGE_STANDARD = "gnu++20";
				CLANG_ENABLE_MODULES = YES;
				CLANG_ENABLE_OBJC_ARC = YES;
				CLANG_ENABLE_OBJC_WEAK = YES;
				CLANG_WARN_BLOCK_CAPTURE_AUTORELEASING = YES;
				CLANG_WARN_BOOL_CONVERSION = YES;
				CLANG_WARN_COMMA = YES;
				CLANG_WARN_CONSTANT_CONVERSION = YES;
				CLANG_WARN_DEPRECATED_OBJC_IMPLEMENTATIONS = YES;
				CLANG_WARN_DIRECT_OBJC_ISA_USAGE = YES_ERROR;
				CLANG_WARN_DOCUMENTATION_COMMENTS = YES;
				CLANG_WARN_EMPTY_BODY = YES;
				CLANG_WARN_ENUM_CONVERSION = YES;
				CLANG_WARN_INFINITE_RECURSION = YES;
				CLANG_WARN_INT_CONVERSION = YES;
				CLANG_WARN_NON_LITERAL_NULL_CONVERSION = YES;
				CLANG_WARN_OBJC_IMPLICIT_RETAIN_SELF = YES;
				CLANG_WARN_OBJC_LITERAL_CONVERSION = YES;
				CLANG_WARN_OBJC_ROOT_CLASS = YES_ERROR;
				CLANG_WARN_QUOTED_INCLUDE_IN_FRAMEWORK_HEADER = YES;
				CLANG_WARN_RANGE_LOOP_ANALYSIS = YES;
				CLANG_WARN_STRICT_PROTOTYPES = YES;
				CLANG_WARN_SUSPICIOUS_MOVE = YES;
				CLANG_WARN_UNGUARDED_AVAILABILITY = YES_AGGRESSIVE;
				CLANG_WARN_UNREACHABLE_CODE = YES;
				CLANG_WARN__DUPLICATE_METHOD_MATCH = YES;
				COPY_PHASE_STRIP = NO;
				DEBUG_INFORMATION_FORMAT = "dwarf-with-dsym";
				ENABLE_NS_ASSERTIONS = NO;
				ENABLE_STRICT_OBJC_MSGSEND = YES;
				GCC_C_LANGUAGE_STANDARD = gnu11;
				GCC_NO_COMMON_BLOCKS = YES;
				GCC_WARN_64_TO_32_BIT_CONVERSION = YES;
				GCC_WARN_ABOUT_RETURN_TYPE = YES_ERROR;
				GCC_WARN_UNDECLARED_SELECTOR = YES;
				GCC_WARN_UNINITIALIZED_AUTOS = YES_AGGRESSIVE;
				GCC_WARN_UNUSED_FUNCTION = YES;
				GCC_WARN_UNUSED_VARIABLE = YES;
				IPHONEOS_DEPLOYMENT_TARGET = 16.4;
				MTL_ENABLE_DEBUG_INFO = NO;
				MTL_FAST_MATH = YES;
				SDKROOT = iphoneos;
				SWIFT_COMPILATION_MODE = wholemodule;
				SWIFT_OPTIMIZATION_LEVEL = "-O";
				VALIDATE_PRODUCT = YES;
			};
			name = Release;
		};
		3393B0A22A4480590083D37C /* Debug */ = {
			isa = XCBuildConfiguration;
			buildSettings = {
				ASSETCATALOG_COMPILER_APPICON_NAME = AppIcon;
				ASSETCATALOG_COMPILER_GLOBAL_ACCENT_COLOR_NAME = AccentColor;
				CODE_SIGN_STYLE = Automatic;
				CURRENT_PROJECT_VERSION = 1;
				DEVELOPMENT_TEAM = M3RV2Q6B99;
				FRAMEWORK_SEARCH_PATHS = (
					"$(inherited)",
					"$(PROJECT_DIR)",
				);
				GENERATE_INFOPLIST_FILE = YES;
				INFOPLIST_FILE = IdentityVerificationUIKitExample/Info.plist;
				INFOPLIST_KEY_NSCameraUsageDescription = "In order you will be able to take a photo of your documents";
				INFOPLIST_KEY_UIApplicationSupportsIndirectInputEvents = YES;
				INFOPLIST_KEY_UILaunchStoryboardName = LaunchScreen;
				INFOPLIST_KEY_UIMainStoryboardFile = Main;
				INFOPLIST_KEY_UISupportedInterfaceOrientations_iPad = "UIInterfaceOrientationPortrait UIInterfaceOrientationPortraitUpsideDown UIInterfaceOrientationLandscapeLeft UIInterfaceOrientationLandscapeRight";
				INFOPLIST_KEY_UISupportedInterfaceOrientations_iPhone = "UIInterfaceOrientationPortrait UIInterfaceOrientationLandscapeLeft UIInterfaceOrientationLandscapeRight";
				IPHONEOS_DEPLOYMENT_TARGET = 14.0;
				LD_RUNPATH_SEARCH_PATHS = (
					"$(inherited)",
					"@executable_path/Frameworks",
				);
				MARKETING_VERSION = 1.0;
				PRODUCT_BUNDLE_IDENTIFIER = com.TransmitSecurity.IdentityVerificationUIKitExample;
				PRODUCT_NAME = "$(TARGET_NAME)";
				SWIFT_EMIT_LOC_STRINGS = YES;
				SWIFT_VERSION = 5.0;
				TARGETED_DEVICE_FAMILY = "1,2";
			};
			name = Debug;
		};
		3393B0A32A4480590083D37C /* Release */ = {
			isa = XCBuildConfiguration;
			buildSettings = {
				ASSETCATALOG_COMPILER_APPICON_NAME = AppIcon;
				ASSETCATALOG_COMPILER_GLOBAL_ACCENT_COLOR_NAME = AccentColor;
				CODE_SIGN_STYLE = Automatic;
				CURRENT_PROJECT_VERSION = 1;
				DEVELOPMENT_TEAM = M3RV2Q6B99;
				FRAMEWORK_SEARCH_PATHS = (
					"$(inherited)",
					"$(PROJECT_DIR)",
				);
				GENERATE_INFOPLIST_FILE = YES;
				INFOPLIST_FILE = IdentityVerificationUIKitExample/Info.plist;
				INFOPLIST_KEY_NSCameraUsageDescription = "In order you will be able to take a photo of your documents";
				INFOPLIST_KEY_UIApplicationSupportsIndirectInputEvents = YES;
				INFOPLIST_KEY_UILaunchStoryboardName = LaunchScreen;
				INFOPLIST_KEY_UIMainStoryboardFile = Main;
				INFOPLIST_KEY_UISupportedInterfaceOrientations_iPad = "UIInterfaceOrientationPortrait UIInterfaceOrientationPortraitUpsideDown UIInterfaceOrientationLandscapeLeft UIInterfaceOrientationLandscapeRight";
				INFOPLIST_KEY_UISupportedInterfaceOrientations_iPhone = "UIInterfaceOrientationPortrait UIInterfaceOrientationLandscapeLeft UIInterfaceOrientationLandscapeRight";
				IPHONEOS_DEPLOYMENT_TARGET = 14.0;
				LD_RUNPATH_SEARCH_PATHS = (
					"$(inherited)",
					"@executable_path/Frameworks",
				);
				MARKETING_VERSION = 1.0;
				PRODUCT_BUNDLE_IDENTIFIER = com.TransmitSecurity.IdentityVerificationUIKitExample;
				PRODUCT_NAME = "$(TARGET_NAME)";
				SWIFT_EMIT_LOC_STRINGS = YES;
				SWIFT_VERSION = 5.0;
				TARGETED_DEVICE_FAMILY = "1,2";
			};
			name = Release;
		};
/* End XCBuildConfiguration section */

/* Begin XCConfigurationList section */
		3393B0882A4480590083D37C /* Build configuration list for PBXProject "IdentityVerificationUIKitExample" */ = {
			isa = XCConfigurationList;
			buildConfigurations = (
				3393B09F2A4480590083D37C /* Debug */,
				3393B0A02A4480590083D37C /* Release */,
			);
			defaultConfigurationIsVisible = 0;
			defaultConfigurationName = Release;
		};
		3393B0A12A4480590083D37C /* Build configuration list for PBXNativeTarget "IdentityVerificationUIKitExample" */ = {
			isa = XCConfigurationList;
			buildConfigurations = (
				3393B0A22A4480590083D37C /* Debug */,
				3393B0A32A4480590083D37C /* Release */,
			);
			defaultConfigurationIsVisible = 0;
			defaultConfigurationName = Release;
		};
/* End XCConfigurationList section */

/* Begin XCRemoteSwiftPackageReference section */
		332616322A9F52F40047D584 /* XCRemoteSwiftPackageReference "identityVerification-ios-sdk" */ = {
			isa = XCRemoteSwiftPackageReference;
			repositoryURL = "https://github.com/TransmitSecurity/identityVerification-ios-sdk.git";
			requirement = {
				kind = upToNextMajorVersion;
				minimumVersion = 1.0.0;
			};
		};
/* End XCRemoteSwiftPackageReference section */

/* Begin XCSwiftPackageProductDependency section */
		332616332A9F52F40047D584 /* IdentityVerification */ = {
			isa = XCSwiftPackageProductDependency;
			package = 332616322A9F52F40047D584 /* XCRemoteSwiftPackageReference "identityVerification-ios-sdk" */;
			productName = IdentityVerification;
		};
/* End XCSwiftPackageProductDependency section */
	};
	rootObject = 3393B0852A4480590083D37C /* Project object */;
}
