{
  "pins" : [
    {
      "identity" : "accountprotection-ios-sdk",
      "kind" : "remoteSourceControl",
      "location" : "https://github.com/TransmitSecurity/accountprotection-ios-sdk.git",
      "state" : {
        "revision" : "86ab45ac440a77fccbd02e5ff1c2f0b51b2cae10",
        "version" : "2.0.4"
      }
    },
    {
      "identity" : "authentication-ios-sdk",
      "kind" : "remoteSourceControl",
      "location" : "https://github.com/TransmitSecurity/authentication-ios-sdk.git",
      "state" : {
        "revision" : "07e7ca3c0449f2ae9c5a196f07abf17875609e00",
        "version" : "1.0.1"
      }
    },
    {
      "identity" : "core-ios-sdk",
      "kind" : "remoteSourceControl",
      "location" : "https://github.com/TransmitSecurity/core-ios-sdk.git",
      "state" : {
        "revision" : "d553e38543607d6e7f0459c3d4927b80a1da410c",
        "version" : "1.0.15"
      }
    }
  ],
  "version" : 2
}
